PODS:
  - MapboxMobileEvents (0.5.0)
  - OpenCV (2.4.13.6)
  - VisionCore (0.0.1):
    - OpenCV (~> 2.4.13.6)
  - Zip (1.1.0)

DEPENDENCIES:
  - MapboxMobileEvents (~> 0.5.0)
  - VisionCore (~> 0.0.1-alpha-1)
  - Zip (~> 1.1.0)

SPEC REPOS:
  "/Users/pristavko/.cocoapods/repos/pod-specs":
    - VisionCore
  https://github.com/cocoapods/specs.git:
    - MapboxMobileEvents
    - OpenCV
    - Zip

SPEC CHECKSUMS:
  MapboxMobileEvents: e4aa629e4e2e3c250b5dadc15b63d67b91469a79
  OpenCV: cd36a3467c21572d658c2640488fe0d5a93ca192
  VisionCore: 4faa4826ad7b452a7a1ab57d5c0b6b42a9cecee4
  Zip: 8877eede3dda76bcac281225c20e71c25270774c

PODFILE CHECKSUM: 903248ad1aea4380887d14b726d589d7771f7ed2

COCOAPODS: 1.5.3
