// !$*UTF8*$!
{
	archiveVersion = 1;
	classes = {
	};
	objectVersion = 51;
	objects = {

/* Begin PBXBuildFile section */
		2E071A312257883900345FA8 /* Assets.xcassets in Resources */ = {isa = PBXBuildFile; fileRef = 2E4EE2E220F0CC63003431B3 /* Assets.xcassets */; };
		2E071A442257887F00345FA8 /* ARRoute+DirectionsRoute.swift in Sources */ = {isa = PBXBuildFile; fileRef = 2E071A332257887E00345FA8 /* ARRoute+DirectionsRoute.swift */; };
		2E071A452257887F00345FA8 /* VisionARManagerDelegate.swift in Sources */ = {isa = PBXBuildFile; fileRef = 2E071A342257887E00345FA8 /* VisionARManagerDelegate.swift */; };
		2E071A462257887F00345FA8 /* ARRenderer.swift in Sources */ = {isa = PBXBuildFile; fileRef = 2E071A352257887E00345FA8 /* ARRenderer.swift */; };
		2E071A472257887F00345FA8 /* ARScene.swift in Sources */ = {isa = PBXBuildFile; fileRef = 2E071A362257887E00345FA8 /* ARScene.swift */; };
		2E071A482257887F00345FA8 /* VisionARManager.swift in Sources */ = {isa = PBXBuildFile; fileRef = 2E071A372257887E00345FA8 /* VisionARManager.swift */; };
		2E071A492257887F00345FA8 /* Shaders.metal in Sources */ = {isa = PBXBuildFile; fileRef = 2E071A382257887E00345FA8 /* Shaders.metal */; };
		2E071A4A2257887F00345FA8 /* grid.obj in Resources */ = {isa = PBXBuildFile; fileRef = 2E071A3A2257887E00345FA8 /* grid.obj */; };
		2E071A4B2257887F00345FA8 /* lane.obj in Resources */ = {isa = PBXBuildFile; fileRef = 2E071A3B2257887E00345FA8 /* lane.obj */; };
		2E071A4C2257887F00345FA8 /* nav-arrow.obj in Resources */ = {isa = PBXBuildFile; fileRef = 2E071A3C2257887E00345FA8 /* nav-arrow.obj */; };
		2E071A4D2257887F00345FA8 /* ARMath.swift in Sources */ = {isa = PBXBuildFile; fileRef = 2E071A3D2257887E00345FA8 /* ARMath.swift */; };
		2E071A4E2257887F00345FA8 /* MapboxVisionAR.h in Headers */ = {isa = PBXBuildFile; fileRef = 2E071A3E2257887E00345FA8 /* MapboxVisionAR.h */; settings = {ATTRIBUTES = (Public, ); }; };
		2E071A4F2257887F00345FA8 /* VisionARViewController.swift in Sources */ = {isa = PBXBuildFile; fileRef = 2E071A3F2257887E00345FA8 /* VisionARViewController.swift */; };
		2E071A832257AE0A00345FA8 /* MapboxVisionSafety.h in Headers */ = {isa = PBXBuildFile; fileRef = 2E071A7F2257AE0A00345FA8 /* MapboxVisionSafety.h */; settings = {ATTRIBUTES = (Public, ); }; };
		2E071A842257AE0A00345FA8 /* VisionSafetyManager.swift in Sources */ = {isa = PBXBuildFile; fileRef = 2E071A802257AE0A00345FA8 /* VisionSafetyManager.swift */; };
		2E071A862257AE0A00345FA8 /* VisionSafetyManagerDelegate.swift in Sources */ = {isa = PBXBuildFile; fileRef = 2E071A822257AE0A00345FA8 /* VisionSafetyManagerDelegate.swift */; };
		2E071A8F2257BD9F00345FA8 /* Images.swift in Sources */ = {isa = PBXBuildFile; fileRef = 2E6033532142900C0050EDB3 /* Images.swift */; };
		2E071A992257CC6F00345FA8 /* MapboxVision.framework in Frameworks */ = {isa = PBXBuildFile; fileRef = 2E4EE21220EFD378003431B3 /* MapboxVision.framework */; };
		2E071A9A2257CC7800345FA8 /* MapboxVision.framework in Frameworks */ = {isa = PBXBuildFile; fileRef = 2E4EE21220EFD378003431B3 /* MapboxVision.framework */; };
		2E071A9C2257CCB700345FA8 /* MapboxVisionNative.framework in Frameworks */ = {isa = PBXBuildFile; fileRef = 2E071A9B2257CCB700345FA8 /* MapboxVisionNative.framework */; };
		2E071A9D2257CCBD00345FA8 /* MapboxVisionNative.framework in Frameworks */ = {isa = PBXBuildFile; fileRef = 2E071A9B2257CCB700345FA8 /* MapboxVisionNative.framework */; };
		2E071A9E2257CCBF00345FA8 /* MapboxVisionNative.framework in Frameworks */ = {isa = PBXBuildFile; fileRef = 2E071A9B2257CCB700345FA8 /* MapboxVisionNative.framework */; };
		2E071AA02257CCDB00345FA8 /* MapboxVisionARNative.framework in Frameworks */ = {isa = PBXBuildFile; fileRef = 2E071A9F2257CCDB00345FA8 /* MapboxVisionARNative.framework */; };
		2E071AA22257CCEA00345FA8 /* MapboxVisionSafetyNative.framework in Frameworks */ = {isa = PBXBuildFile; fileRef = 2E071AA12257CCEA00345FA8 /* MapboxVisionSafetyNative.framework */; };
		2E19772B211DDD5900311B95 /* DeviceChecker.swift in Sources */ = {isa = PBXBuildFile; fileRef = 2E19772A211DDD5900311B95 /* DeviceChecker.swift */; };
		2E22F1992108870B0093F043 /* VideoBuffer.swift in Sources */ = {isa = PBXBuildFile; fileRef = 2E22F1982108870B0093F043 /* VideoBuffer.swift */; };
		2E245B1C215A57D2008F57D1 /* OperationMode.swift in Sources */ = {isa = PBXBuildFile; fileRef = 2E245B1B215A57D2008F57D1 /* OperationMode.swift */; };
		2E4EE21720EFD378003431B3 /* MapboxVision.h in Headers */ = {isa = PBXBuildFile; fileRef = 2E4EE21520EFD378003431B3 /* MapboxVision.h */; settings = {ATTRIBUTES = (Public, ); }; };
		2E4EE24C20F05045003431B3 /* VideoStreamView.swift in Sources */ = {isa = PBXBuildFile; fileRef = 2E4EE23D20EFD651003431B3 /* VideoStreamView.swift */; };
		2E4EE24D20F05045003431B3 /* VisionManager.swift in Sources */ = {isa = PBXBuildFile; fileRef = 2E4EE23E20EFD651003431B3 /* VisionManager.swift */; };
		2E4EE24E20F05045003431B3 /* VisionPresentationViewController.swift in Sources */ = {isa = PBXBuildFile; fileRef = 2E4EE23F20EFD651003431B3 /* VisionPresentationViewController.swift */; };
		2E4EE25120F05045003431B3 /* SegmentationDrawer.swift in Sources */ = {isa = PBXBuildFile; fileRef = 2E4EE24220EFD651003431B3 /* SegmentationDrawer.swift */; };
		2E4EE25220F05045003431B3 /* blend.metal in Sources */ = {isa = PBXBuildFile; fileRef = 2E4EE24320EFD651003431B3 /* blend.metal */; };
		2E4EE25320F05045003431B3 /* DetectionsView.swift in Sources */ = {isa = PBXBuildFile; fileRef = 2E4EE24420EFD651003431B3 /* DetectionsView.swift */; };
		2E4EE25520F05371003431B3 /* VideoSettings.swift in Sources */ = {isa = PBXBuildFile; fileRef = 2E4EE25420F05370003431B3 /* VideoSettings.swift */; };
		2E4EE27320F05652003431B3 /* Platform.swift in Sources */ = {isa = PBXBuildFile; fileRef = 2E4EE23820EFD5BB003431B3 /* Platform.swift */; };
		2E4EE27420F05652003431B3 /* CoreConfig.swift in Sources */ = {isa = PBXBuildFile; fileRef = 2E4EE23920EFD5BB003431B3 /* CoreConfig.swift */; };
		2E4EE27520F05655003431B3 /* Reachability.swift in Sources */ = {isa = PBXBuildFile; fileRef = 2E4EE21D20EFD5BA003431B3 /* Reachability.swift */; };
		2E4EE27720F05659003431B3 /* NetworkClient.swift in Sources */ = {isa = PBXBuildFile; fileRef = 2E4EE22020EFD5BA003431B3 /* NetworkClient.swift */; };
		2E4EE27820F05659003431B3 /* Path.swift in Sources */ = {isa = PBXBuildFile; fileRef = 2E4EE22120EFD5BA003431B3 /* Path.swift */; };
		2E4EE27A20F0565E003431B3 /* RecordDataSource.swift in Sources */ = {isa = PBXBuildFile; fileRef = 2E4EE22420EFD5BA003431B3 /* RecordDataSource.swift */; };
		2E4EE27B20F0565E003431B3 /* RecordFileType.swift in Sources */ = {isa = PBXBuildFile; fileRef = 2E4EE22520EFD5BA003431B3 /* RecordFileType.swift */; };
		2E4EE27C20F05661003431B3 /* FileRecorder.swift in Sources */ = {isa = PBXBuildFile; fileRef = 2E4EE22720EFD5BA003431B3 /* FileRecorder.swift */; };
		2E4EE27D20F05661003431B3 /* VideoRecorder.swift in Sources */ = {isa = PBXBuildFile; fileRef = 2E4EE22820EFD5BA003431B3 /* VideoRecorder.swift */; };
		2E4EE27E20F05661003431B3 /* ImageRecorder.swift in Sources */ = {isa = PBXBuildFile; fileRef = 2E4EE22920EFD5BA003431B3 /* ImageRecorder.swift */; };
		2E4EE27F20F05661003431B3 /* RecordCoordinator.swift in Sources */ = {isa = PBXBuildFile; fileRef = 2E4EE22A20EFD5BA003431B3 /* RecordCoordinator.swift */; };
		2E4EE28020F05661003431B3 /* RecordingPath.swift in Sources */ = {isa = PBXBuildFile; fileRef = 2E4EE22B20EFD5BA003431B3 /* RecordingPath.swift */; };
		2E4EE28320F05665003431B3 /* DeviceInfoProvider.swift in Sources */ = {isa = PBXBuildFile; fileRef = 2E4EE22F20EFD5BA003431B3 /* DeviceInfoProvider.swift */; };
		2E4EE28420F05665003431B3 /* ManagerDependencies.swift in Sources */ = {isa = PBXBuildFile; fileRef = 2E4EE23020EFD5BA003431B3 /* ManagerDependencies.swift */; };
		2E4EE28820F05665003431B3 /* DataProvider.swift in Sources */ = {isa = PBXBuildFile; fileRef = 2E4EE23420EFD5BA003431B3 /* DataProvider.swift */; };
		2E4EE29420F05844003431B3 /* URL.swift in Sources */ = {isa = PBXBuildFile; fileRef = 2E4EE29220F05843003431B3 /* URL.swift */; };
		2E4EE2A020F058B9003431B3 /* UserDefaults+DefaultValue.swift in Sources */ = {isa = PBXBuildFile; fileRef = 2E4EE29920F058B6003431B3 /* UserDefaults+DefaultValue.swift */; };
		2E4EE2A120F058B9003431B3 /* Collection+Safe.swift in Sources */ = {isa = PBXBuildFile; fileRef = 2E4EE29A20F058B7003431B3 /* Collection+Safe.swift */; };
		2E4EE2A220F058B9003431B3 /* AVCaptureConnection+Orientation.swift in Sources */ = {isa = PBXBuildFile; fileRef = 2E4EE29B20F058B7003431B3 /* AVCaptureConnection+Orientation.swift */; };
		2E4EE2AA20F0590F003431B3 /* MotionManager.swift in Sources */ = {isa = PBXBuildFile; fileRef = 2E4EE2A520F0590B003431B3 /* MotionManager.swift */; };
		2E4EE2AC20F0590F003431B3 /* LocationManager.swift in Sources */ = {isa = PBXBuildFile; fileRef = 2E4EE2A720F0590D003431B3 /* LocationManager.swift */; };
		2E4EE2BA20F05ACB003431B3 /* Result.swift in Sources */ = {isa = PBXBuildFile; fileRef = 2E4EE2B820F05ACB003431B3 /* Result.swift */; };
		2E4EE2CC20F06A11003431B3 /* CGPoint+Convert.swift in Sources */ = {isa = PBXBuildFile; fileRef = 2E4EE2CB20F06A11003431B3 /* CGPoint+Convert.swift */; };
		2E4EE2E520F0CC63003431B3 /* Assets.xcassets in Resources */ = {isa = PBXBuildFile; fileRef = 2E4EE2E220F0CC63003431B3 /* Assets.xcassets */; };
		2E539DE9210F00190058D9B2 /* SessionManager.swift in Sources */ = {isa = PBXBuildFile; fileRef = 2E539DE8210F00190058D9B2 /* SessionManager.swift */; };
		2E6033542142900C0050EDB3 /* Images.swift in Sources */ = {isa = PBXBuildFile; fileRef = 2E6033532142900C0050EDB3 /* Images.swift */; };
		2E7F14EA22896C5700BAF585 /* Synchronizable.swift in Sources */ = {isa = PBXBuildFile; fileRef = 2E7F14E922896C5700BAF585 /* Synchronizable.swift */; };
		2E7F14EC22896D0600BAF585 /* ManagedSynchronizer.swift in Sources */ = {isa = PBXBuildFile; fileRef = 2E7F14EB22896D0600BAF585 /* ManagedSynchronizer.swift */; };
		2E7F14EE22898EF200BAF585 /* SessionRecorder.swift in Sources */ = {isa = PBXBuildFile; fileRef = 2E7F14ED22898EF200BAF585 /* SessionRecorder.swift */; };
		2E7F14FB228E2D1400BAF585 /* BaseVisionManager.swift in Sources */ = {isa = PBXBuildFile; fileRef = 2E7F14FA228E2D1400BAF585 /* BaseVisionManager.swift */; };
		2E7F14FD228E92D900BAF585 /* VisionReplayManager.swift in Sources */ = {isa = PBXBuildFile; fileRef = 2E7F14FC228E92D900BAF585 /* VisionReplayManager.swift */; };
		2E7F14FF228E982D00BAF585 /* VideoPlayer.swift in Sources */ = {isa = PBXBuildFile; fileRef = 2E7F14FE228E982D00BAF585 /* VideoPlayer.swift */; };
		2E7F1501228F0E0B00BAF585 /* VisionManagerProtocol.swift in Sources */ = {isa = PBXBuildFile; fileRef = 2E7F1500228F0E0B00BAF585 /* VisionManagerProtocol.swift */; };
		2E81BBF1222E9FA900C4B49C /* VisionManagerDelegate.swift in Sources */ = {isa = PBXBuildFile; fileRef = 2E81BBF0222E9FA900C4B49C /* VisionManagerDelegate.swift */; };
		2E88A9BA213ED5DC008A27C8 /* ModelPerformance.swift in Sources */ = {isa = PBXBuildFile; fileRef = 2E88A9B9213ED5DC008A27C8 /* ModelPerformance.swift */; };
		2EC332A3217E02BA00E041FE /* String.swift in Sources */ = {isa = PBXBuildFile; fileRef = 2EC332A2217E02BA00E041FE /* String.swift */; };
		2EDD8707219ED89E00760C6D /* Constants.swift in Sources */ = {isa = PBXBuildFile; fileRef = 2EDD8706219ED89E00760C6D /* Constants.swift */; };
		2EDD8709219EDC0200760C6D /* DeviceProviderTests.swift in Sources */ = {isa = PBXBuildFile; fileRef = 2EDD8708219EDC0200760C6D /* DeviceProviderTests.swift */; };
		2EDFFD73224BBD3E003BB718 /* ObservableVideoSource.swift in Sources */ = {isa = PBXBuildFile; fileRef = 2EDFFD72224BBD3E003BB718 /* ObservableVideoSource.swift */; };
		2EF31C9021904BB300752D23 /* RecordCoordinatorTests.swift in Sources */ = {isa = PBXBuildFile; fileRef = 2EF31C8F21904BB300752D23 /* RecordCoordinatorTests.swift */; };
		2EFF563F210B4A5B00B8D512 /* VideoTrimmer.swift in Sources */ = {isa = PBXBuildFile; fileRef = 2EFF563E210B4A5B00B8D512 /* VideoTrimmer.swift */; };
		9D72A196BCA3C43852E39A10 /* DateFormatter.swift in Sources */ = {isa = PBXBuildFile; fileRef = 9D72A773F7BCE045156649B6 /* DateFormatter.swift */; };
		9D72A4A4A30F19F3EA8A7316 /* VideoSource.swift in Sources */ = {isa = PBXBuildFile; fileRef = 9D72A9D70E54F426D0E8990E /* VideoSource.swift */; };
		9D72A5C114A06457134C5EE5 /* RecordSynchronizer.swift in Sources */ = {isa = PBXBuildFile; fileRef = 9D72AEC4FF135C1A496B5215 /* RecordSynchronizer.swift */; };
		9D72AB0D4BB86199CF051DC2 /* CVPixelBuffer+Helper.swift in Sources */ = {isa = PBXBuildFile; fileRef = 9D72A5D7CECFACCEE667A42B /* CVPixelBuffer+Helper.swift */; };
		9D72AB1C8F3CE6B6E2222E7E /* CameraVideoSource.swift in Sources */ = {isa = PBXBuildFile; fileRef = 9D72A648B7F1E55B41E25240 /* CameraVideoSource.swift */; };
		B50CFBA72162659200C9C5A5 /* MapboxMobileEvents.framework in CopyFiles */ = {isa = PBXBuildFile; fileRef = B53B75B821144AE9001D65AC /* MapboxMobileEvents.framework */; settings = {ATTRIBUTES = (CodeSignOnCopy, RemoveHeadersOnCopy, ); }; };
		B50CFBAA2163C89D00C9C5A5 /* FileManager.swift in Sources */ = {isa = PBXBuildFile; fileRef = B50CFBA92163C89D00C9C5A5 /* FileManager.swift */; };
		B50CFBAD2163C91500C9C5A5 /* MockNetworkClient.swift in Sources */ = {isa = PBXBuildFile; fileRef = B50CFBAC2163C91500C9C5A5 /* MockNetworkClient.swift */; };
		B50CFBAF2163C98E00C9C5A5 /* MockRecordDataSource.swift in Sources */ = {isa = PBXBuildFile; fileRef = B50CFBAE2163C98E00C9C5A5 /* MockRecordDataSource.swift */; };
		B50CFBB12163C9AC00C9C5A5 /* MockArchiver.swift in Sources */ = {isa = PBXBuildFile; fileRef = B50CFBB02163C9AC00C9C5A5 /* MockArchiver.swift */; };
		B50CFBB32163C9C500C9C5A5 /* MockFileManager.swift in Sources */ = {isa = PBXBuildFile; fileRef = B50CFBB22163C9C500C9C5A5 /* MockFileManager.swift */; };
		B51E557C215E313500650DDE /* RecordSynchronizerTests.swift in Sources */ = {isa = PBXBuildFile; fileRef = B51E557B215E313500650DDE /* RecordSynchronizerTests.swift */; };
		B51E557E215E313500650DDE /* MapboxVision.framework in Frameworks */ = {isa = PBXBuildFile; fileRef = 2E4EE21220EFD378003431B3 /* MapboxVision.framework */; };
		B53B75B921144AE9001D65AC /* MapboxMobileEvents.framework in Frameworks */ = {isa = PBXBuildFile; fileRef = B53B75B821144AE9001D65AC /* MapboxMobileEvents.framework */; };
		B53B75BB21144B9A001D65AC /* EventsManager.swift in Sources */ = {isa = PBXBuildFile; fileRef = B53B75BA21144B9A001D65AC /* EventsManager.swift */; };
		B583DF832240F55D00D73673 /* ZIPFoundation.framework in Frameworks */ = {isa = PBXBuildFile; fileRef = B583DF822240F55D00D73673 /* ZIPFoundation.framework */; };
		B5AEB46A21186CCF00AF198E /* RecordArchiver.swift in Sources */ = {isa = PBXBuildFile; fileRef = B5AEB46921186CCF00AF198E /* RecordArchiver.swift */; };
		B5BD9F6F211C69FF001EE97F /* RecordingQuota.swift in Sources */ = {isa = PBXBuildFile; fileRef = B5BD9F6E211C69FF001EE97F /* RecordingQuota.swift */; };
/* End PBXBuildFile section */

/* Begin PBXContainerItemProxy section */
		B51E557F215E313500650DDE /* PBXContainerItemProxy */ = {
			isa = PBXContainerItemProxy;
			containerPortal = 2E4EE20920EFD378003431B3 /* Project object */;
			proxyType = 1;
			remoteGlobalIDString = 2E4EE21120EFD378003431B3;
			remoteInfo = MapboxVision;
		};
/* End PBXContainerItemProxy section */

/* Begin PBXCopyFilesBuildPhase section */
		B50CFBA52162654E00C9C5A5 /* CopyFiles */ = {
			isa = PBXCopyFilesBuildPhase;
			buildActionMask = 2147483647;
			dstPath = "";
			dstSubfolderSpec = 10;
			files = (
				B50CFBA72162659200C9C5A5 /* MapboxMobileEvents.framework in CopyFiles */,
			);
			runOnlyForDeploymentPostprocessing = 0;
		};
/* End PBXCopyFilesBuildPhase section */

/* Begin PBXFileReference section */
		2E07199C2257871300345FA8 /* MapboxVisionAR.framework */ = {isa = PBXFileReference; explicitFileType = wrapper.framework; includeInIndex = 0; path = MapboxVisionAR.framework; sourceTree = BUILT_PRODUCTS_DIR; };
		2E0719E42257871B00345FA8 /* MapboxVisionSafety.framework */ = {isa = PBXFileReference; explicitFileType = wrapper.framework; includeInIndex = 0; path = MapboxVisionSafety.framework; sourceTree = BUILT_PRODUCTS_DIR; };
		2E071A332257887E00345FA8 /* ARRoute+DirectionsRoute.swift */ = {isa = PBXFileReference; fileEncoding = 4; lastKnownFileType = sourcecode.swift; path = "ARRoute+DirectionsRoute.swift"; sourceTree = "<group>"; };
		2E071A342257887E00345FA8 /* VisionARManagerDelegate.swift */ = {isa = PBXFileReference; fileEncoding = 4; lastKnownFileType = sourcecode.swift; path = VisionARManagerDelegate.swift; sourceTree = "<group>"; };
		2E071A352257887E00345FA8 /* ARRenderer.swift */ = {isa = PBXFileReference; fileEncoding = 4; lastKnownFileType = sourcecode.swift; path = ARRenderer.swift; sourceTree = "<group>"; };
		2E071A362257887E00345FA8 /* ARScene.swift */ = {isa = PBXFileReference; fileEncoding = 4; lastKnownFileType = sourcecode.swift; path = ARScene.swift; sourceTree = "<group>"; };
		2E071A372257887E00345FA8 /* VisionARManager.swift */ = {isa = PBXFileReference; fileEncoding = 4; lastKnownFileType = sourcecode.swift; path = VisionARManager.swift; sourceTree = "<group>"; };
		2E071A382257887E00345FA8 /* Shaders.metal */ = {isa = PBXFileReference; fileEncoding = 4; lastKnownFileType = sourcecode.metal; path = Shaders.metal; sourceTree = "<group>"; };
		2E071A3A2257887E00345FA8 /* grid.obj */ = {isa = PBXFileReference; fileEncoding = 4; lastKnownFileType = text; path = grid.obj; sourceTree = "<group>"; };
		2E071A3B2257887E00345FA8 /* lane.obj */ = {isa = PBXFileReference; fileEncoding = 4; lastKnownFileType = text; path = lane.obj; sourceTree = "<group>"; };
		2E071A3C2257887E00345FA8 /* nav-arrow.obj */ = {isa = PBXFileReference; fileEncoding = 4; lastKnownFileType = text; path = "nav-arrow.obj"; sourceTree = "<group>"; };
		2E071A3D2257887E00345FA8 /* ARMath.swift */ = {isa = PBXFileReference; fileEncoding = 4; lastKnownFileType = sourcecode.swift; path = ARMath.swift; sourceTree = "<group>"; };
		2E071A3E2257887E00345FA8 /* MapboxVisionAR.h */ = {isa = PBXFileReference; fileEncoding = 4; lastKnownFileType = sourcecode.c.h; path = MapboxVisionAR.h; sourceTree = "<group>"; };
		2E071A3F2257887E00345FA8 /* VisionARViewController.swift */ = {isa = PBXFileReference; fileEncoding = 4; lastKnownFileType = sourcecode.swift; path = VisionARViewController.swift; sourceTree = "<group>"; };
		2E071A432257887E00345FA8 /* Info.plist */ = {isa = PBXFileReference; fileEncoding = 4; lastKnownFileType = text.plist.xml; path = Info.plist; sourceTree = "<group>"; };
		2E071A5322578A3E00345FA8 /* MapboxCoreNavigation.framework */ = {isa = PBXFileReference; lastKnownFileType = wrapper.framework; name = MapboxCoreNavigation.framework; path = Carthage/Build/iOS/MapboxCoreNavigation.framework; sourceTree = "<group>"; };
		2E071A7F2257AE0A00345FA8 /* MapboxVisionSafety.h */ = {isa = PBXFileReference; fileEncoding = 4; lastKnownFileType = sourcecode.c.h; path = MapboxVisionSafety.h; sourceTree = "<group>"; };
		2E071A802257AE0A00345FA8 /* VisionSafetyManager.swift */ = {isa = PBXFileReference; fileEncoding = 4; lastKnownFileType = sourcecode.swift; path = VisionSafetyManager.swift; sourceTree = "<group>"; };
		2E071A812257AE0A00345FA8 /* Info.plist */ = {isa = PBXFileReference; fileEncoding = 4; lastKnownFileType = text.plist.xml; path = Info.plist; sourceTree = "<group>"; };
		2E071A822257AE0A00345FA8 /* VisionSafetyManagerDelegate.swift */ = {isa = PBXFileReference; fileEncoding = 4; lastKnownFileType = sourcecode.swift; path = VisionSafetyManagerDelegate.swift; sourceTree = "<group>"; };
		2E071A9B2257CCB700345FA8 /* MapboxVisionNative.framework */ = {isa = PBXFileReference; explicitFileType = wrapper.framework; name = MapboxVisionNative.framework; path = Carthage/Build/iOS/MapboxVisionNative.framework; sourceTree = "<group>"; };
		2E071A9F2257CCDB00345FA8 /* MapboxVisionARNative.framework */ = {isa = PBXFileReference; explicitFileType = wrapper.framework; name = MapboxVisionARNative.framework; path = Carthage/Build/iOS/MapboxVisionARNative.framework; sourceTree = "<group>"; };
		2E071AA12257CCEA00345FA8 /* MapboxVisionSafetyNative.framework */ = {isa = PBXFileReference; explicitFileType = wrapper.framework; name = MapboxVisionSafetyNative.framework; path = Carthage/Build/iOS/MapboxVisionSafetyNative.framework; sourceTree = "<group>"; };
		2E19772A211DDD5900311B95 /* DeviceChecker.swift */ = {isa = PBXFileReference; lastKnownFileType = sourcecode.swift; path = DeviceChecker.swift; sourceTree = "<group>"; };
		2E22F1982108870B0093F043 /* VideoBuffer.swift */ = {isa = PBXFileReference; lastKnownFileType = sourcecode.swift; path = VideoBuffer.swift; sourceTree = "<group>"; };
		2E245B1B215A57D2008F57D1 /* OperationMode.swift */ = {isa = PBXFileReference; lastKnownFileType = sourcecode.swift; path = OperationMode.swift; sourceTree = "<group>"; };
		2E4EE21220EFD378003431B3 /* MapboxVision.framework */ = {isa = PBXFileReference; explicitFileType = wrapper.framework; includeInIndex = 0; path = MapboxVision.framework; sourceTree = BUILT_PRODUCTS_DIR; };
		2E4EE21520EFD378003431B3 /* MapboxVision.h */ = {isa = PBXFileReference; lastKnownFileType = sourcecode.c.h; path = MapboxVision.h; sourceTree = "<group>"; };
		2E4EE21620EFD378003431B3 /* Info.plist */ = {isa = PBXFileReference; lastKnownFileType = text.plist.xml; path = Info.plist; sourceTree = "<group>"; };
		2E4EE21D20EFD5BA003431B3 /* Reachability.swift */ = {isa = PBXFileReference; lastKnownFileType = sourcecode.swift; path = Reachability.swift; sourceTree = "<group>"; };
		2E4EE22020EFD5BA003431B3 /* NetworkClient.swift */ = {isa = PBXFileReference; lastKnownFileType = sourcecode.swift; path = NetworkClient.swift; sourceTree = "<group>"; };
		2E4EE22120EFD5BA003431B3 /* Path.swift */ = {isa = PBXFileReference; lastKnownFileType = sourcecode.swift; path = Path.swift; sourceTree = "<group>"; };
		2E4EE22420EFD5BA003431B3 /* RecordDataSource.swift */ = {isa = PBXFileReference; fileEncoding = 4; lastKnownFileType = sourcecode.swift; path = RecordDataSource.swift; sourceTree = "<group>"; };
		2E4EE22520EFD5BA003431B3 /* RecordFileType.swift */ = {isa = PBXFileReference; fileEncoding = 4; lastKnownFileType = sourcecode.swift; path = RecordFileType.swift; sourceTree = "<group>"; };
		2E4EE22720EFD5BA003431B3 /* FileRecorder.swift */ = {isa = PBXFileReference; fileEncoding = 4; lastKnownFileType = sourcecode.swift; path = FileRecorder.swift; sourceTree = "<group>"; };
		2E4EE22820EFD5BA003431B3 /* VideoRecorder.swift */ = {isa = PBXFileReference; lastKnownFileType = sourcecode.swift; path = VideoRecorder.swift; sourceTree = "<group>"; };
		2E4EE22920EFD5BA003431B3 /* ImageRecorder.swift */ = {isa = PBXFileReference; lastKnownFileType = sourcecode.swift; path = ImageRecorder.swift; sourceTree = "<group>"; };
		2E4EE22A20EFD5BA003431B3 /* RecordCoordinator.swift */ = {isa = PBXFileReference; lastKnownFileType = sourcecode.swift; path = RecordCoordinator.swift; sourceTree = "<group>"; };
		2E4EE22B20EFD5BA003431B3 /* RecordingPath.swift */ = {isa = PBXFileReference; lastKnownFileType = sourcecode.swift; path = RecordingPath.swift; sourceTree = "<group>"; };
		2E4EE22F20EFD5BA003431B3 /* DeviceInfoProvider.swift */ = {isa = PBXFileReference; lastKnownFileType = sourcecode.swift; path = DeviceInfoProvider.swift; sourceTree = "<group>"; };
		2E4EE23020EFD5BA003431B3 /* ManagerDependencies.swift */ = {isa = PBXFileReference; lastKnownFileType = sourcecode.swift; path = ManagerDependencies.swift; sourceTree = "<group>"; };
		2E4EE23420EFD5BA003431B3 /* DataProvider.swift */ = {isa = PBXFileReference; lastKnownFileType = sourcecode.swift; path = DataProvider.swift; sourceTree = "<group>"; };
		2E4EE23820EFD5BB003431B3 /* Platform.swift */ = {isa = PBXFileReference; fileEncoding = 4; lastKnownFileType = sourcecode.swift; path = Platform.swift; sourceTree = "<group>"; };
		2E4EE23920EFD5BB003431B3 /* CoreConfig.swift */ = {isa = PBXFileReference; lastKnownFileType = sourcecode.swift; path = CoreConfig.swift; sourceTree = "<group>"; };
		2E4EE23D20EFD651003431B3 /* VideoStreamView.swift */ = {isa = PBXFileReference; lastKnownFileType = sourcecode.swift; path = VideoStreamView.swift; sourceTree = "<group>"; };
		2E4EE23E20EFD651003431B3 /* VisionManager.swift */ = {isa = PBXFileReference; lastKnownFileType = sourcecode.swift; path = VisionManager.swift; sourceTree = "<group>"; };
		2E4EE23F20EFD651003431B3 /* VisionPresentationViewController.swift */ = {isa = PBXFileReference; lastKnownFileType = sourcecode.swift; path = VisionPresentationViewController.swift; sourceTree = "<group>"; };
		2E4EE24220EFD651003431B3 /* SegmentationDrawer.swift */ = {isa = PBXFileReference; lastKnownFileType = sourcecode.swift; path = SegmentationDrawer.swift; sourceTree = "<group>"; };
		2E4EE24320EFD651003431B3 /* blend.metal */ = {isa = PBXFileReference; lastKnownFileType = sourcecode.metal; path = blend.metal; sourceTree = "<group>"; };
		2E4EE24420EFD651003431B3 /* DetectionsView.swift */ = {isa = PBXFileReference; lastKnownFileType = sourcecode.swift; path = DetectionsView.swift; sourceTree = "<group>"; };
		2E4EE25420F05370003431B3 /* VideoSettings.swift */ = {isa = PBXFileReference; lastKnownFileType = sourcecode.swift; path = VideoSettings.swift; sourceTree = "<group>"; };
		2E4EE29220F05843003431B3 /* URL.swift */ = {isa = PBXFileReference; lastKnownFileType = sourcecode.swift; path = URL.swift; sourceTree = "<group>"; };
		2E4EE29920F058B6003431B3 /* UserDefaults+DefaultValue.swift */ = {isa = PBXFileReference; lastKnownFileType = sourcecode.swift; path = "UserDefaults+DefaultValue.swift"; sourceTree = "<group>"; };
		2E4EE29A20F058B7003431B3 /* Collection+Safe.swift */ = {isa = PBXFileReference; lastKnownFileType = sourcecode.swift; path = "Collection+Safe.swift"; sourceTree = "<group>"; };
		2E4EE29B20F058B7003431B3 /* AVCaptureConnection+Orientation.swift */ = {isa = PBXFileReference; lastKnownFileType = sourcecode.swift; path = "AVCaptureConnection+Orientation.swift"; sourceTree = "<group>"; };
		2E4EE2A520F0590B003431B3 /* MotionManager.swift */ = {isa = PBXFileReference; lastKnownFileType = sourcecode.swift; path = MotionManager.swift; sourceTree = "<group>"; };
		2E4EE2A720F0590D003431B3 /* LocationManager.swift */ = {isa = PBXFileReference; lastKnownFileType = sourcecode.swift; path = LocationManager.swift; sourceTree = "<group>"; };
		2E4EE2B820F05ACB003431B3 /* Result.swift */ = {isa = PBXFileReference; lastKnownFileType = sourcecode.swift; path = Result.swift; sourceTree = "<group>"; };
		2E4EE2CB20F06A11003431B3 /* CGPoint+Convert.swift */ = {isa = PBXFileReference; fileEncoding = 4; lastKnownFileType = sourcecode.swift; path = "CGPoint+Convert.swift"; sourceTree = "<group>"; };
		2E4EE2E220F0CC63003431B3 /* Assets.xcassets */ = {isa = PBXFileReference; lastKnownFileType = folder.assetcatalog; path = Assets.xcassets; sourceTree = "<group>"; };
		2E539DE8210F00190058D9B2 /* SessionManager.swift */ = {isa = PBXFileReference; lastKnownFileType = sourcecode.swift; path = SessionManager.swift; sourceTree = "<group>"; };
		2E6033532142900C0050EDB3 /* Images.swift */ = {isa = PBXFileReference; lastKnownFileType = sourcecode.swift; path = Images.swift; sourceTree = "<group>"; };
		2E7F14E922896C5700BAF585 /* Synchronizable.swift */ = {isa = PBXFileReference; lastKnownFileType = sourcecode.swift; path = Synchronizable.swift; sourceTree = "<group>"; };
		2E7F14EB22896D0600BAF585 /* ManagedSynchronizer.swift */ = {isa = PBXFileReference; lastKnownFileType = sourcecode.swift; path = ManagedSynchronizer.swift; sourceTree = "<group>"; };
		2E7F14ED22898EF200BAF585 /* SessionRecorder.swift */ = {isa = PBXFileReference; lastKnownFileType = sourcecode.swift; path = SessionRecorder.swift; sourceTree = "<group>"; };
		2E7F14FA228E2D1400BAF585 /* BaseVisionManager.swift */ = {isa = PBXFileReference; lastKnownFileType = sourcecode.swift; path = BaseVisionManager.swift; sourceTree = "<group>"; };
		2E7F14FC228E92D900BAF585 /* VisionReplayManager.swift */ = {isa = PBXFileReference; lastKnownFileType = sourcecode.swift; path = VisionReplayManager.swift; sourceTree = "<group>"; };
		2E7F14FE228E982D00BAF585 /* VideoPlayer.swift */ = {isa = PBXFileReference; lastKnownFileType = sourcecode.swift; path = VideoPlayer.swift; sourceTree = "<group>"; };
		2E7F1500228F0E0B00BAF585 /* VisionManagerProtocol.swift */ = {isa = PBXFileReference; lastKnownFileType = sourcecode.swift; path = VisionManagerProtocol.swift; sourceTree = "<group>"; };
		2E81BBF0222E9FA900C4B49C /* VisionManagerDelegate.swift */ = {isa = PBXFileReference; lastKnownFileType = sourcecode.swift; path = VisionManagerDelegate.swift; sourceTree = "<group>"; };
		2E88A9B9213ED5DC008A27C8 /* ModelPerformance.swift */ = {isa = PBXFileReference; lastKnownFileType = sourcecode.swift; path = ModelPerformance.swift; sourceTree = "<group>"; };
		2EC332A2217E02BA00E041FE /* String.swift */ = {isa = PBXFileReference; lastKnownFileType = sourcecode.swift; path = String.swift; sourceTree = "<group>"; };
		2EDD8706219ED89E00760C6D /* Constants.swift */ = {isa = PBXFileReference; lastKnownFileType = sourcecode.swift; path = Constants.swift; sourceTree = "<group>"; };
		2EDD8708219EDC0200760C6D /* DeviceProviderTests.swift */ = {isa = PBXFileReference; lastKnownFileType = sourcecode.swift; path = DeviceProviderTests.swift; sourceTree = "<group>"; };
		2EDFFD72224BBD3E003BB718 /* ObservableVideoSource.swift */ = {isa = PBXFileReference; lastKnownFileType = sourcecode.swift; path = ObservableVideoSource.swift; sourceTree = "<group>"; };
		2EF31C8F21904BB300752D23 /* RecordCoordinatorTests.swift */ = {isa = PBXFileReference; lastKnownFileType = sourcecode.swift; path = RecordCoordinatorTests.swift; sourceTree = "<group>"; };
		2EFF563E210B4A5B00B8D512 /* VideoTrimmer.swift */ = {isa = PBXFileReference; fileEncoding = 4; lastKnownFileType = sourcecode.swift; path = VideoTrimmer.swift; sourceTree = "<group>"; };
		9D72A5D7CECFACCEE667A42B /* CVPixelBuffer+Helper.swift */ = {isa = PBXFileReference; fileEncoding = 4; lastKnownFileType = sourcecode.swift; path = "CVPixelBuffer+Helper.swift"; sourceTree = "<group>"; };
		9D72A648B7F1E55B41E25240 /* CameraVideoSource.swift */ = {isa = PBXFileReference; fileEncoding = 4; lastKnownFileType = sourcecode.swift; path = CameraVideoSource.swift; sourceTree = "<group>"; };
		9D72A773F7BCE045156649B6 /* DateFormatter.swift */ = {isa = PBXFileReference; fileEncoding = 4; lastKnownFileType = sourcecode.swift; path = DateFormatter.swift; sourceTree = "<group>"; };
		9D72A9D70E54F426D0E8990E /* VideoSource.swift */ = {isa = PBXFileReference; fileEncoding = 4; lastKnownFileType = sourcecode.swift; path = VideoSource.swift; sourceTree = "<group>"; };
		9D72AEC4FF135C1A496B5215 /* RecordSynchronizer.swift */ = {isa = PBXFileReference; fileEncoding = 4; lastKnownFileType = sourcecode.swift; path = RecordSynchronizer.swift; sourceTree = "<group>"; };
		B50CFBA92163C89D00C9C5A5 /* FileManager.swift */ = {isa = PBXFileReference; lastKnownFileType = sourcecode.swift; path = FileManager.swift; sourceTree = "<group>"; };
		B50CFBAC2163C91500C9C5A5 /* MockNetworkClient.swift */ = {isa = PBXFileReference; lastKnownFileType = sourcecode.swift; path = MockNetworkClient.swift; sourceTree = "<group>"; };
		B50CFBAE2163C98E00C9C5A5 /* MockRecordDataSource.swift */ = {isa = PBXFileReference; lastKnownFileType = sourcecode.swift; path = MockRecordDataSource.swift; sourceTree = "<group>"; };
		B50CFBB02163C9AC00C9C5A5 /* MockArchiver.swift */ = {isa = PBXFileReference; lastKnownFileType = sourcecode.swift; path = MockArchiver.swift; sourceTree = "<group>"; };
		B50CFBB22163C9C500C9C5A5 /* MockFileManager.swift */ = {isa = PBXFileReference; lastKnownFileType = sourcecode.swift; path = MockFileManager.swift; sourceTree = "<group>"; };
		B51E5579215E313500650DDE /* MapboxVisionTests.xctest */ = {isa = PBXFileReference; explicitFileType = wrapper.cfbundle; includeInIndex = 0; path = MapboxVisionTests.xctest; sourceTree = BUILT_PRODUCTS_DIR; };
		B51E557B215E313500650DDE /* RecordSynchronizerTests.swift */ = {isa = PBXFileReference; lastKnownFileType = sourcecode.swift; path = RecordSynchronizerTests.swift; sourceTree = "<group>"; };
		B51E557D215E313500650DDE /* Info.plist */ = {isa = PBXFileReference; lastKnownFileType = text.plist.xml; path = Info.plist; sourceTree = "<group>"; };
		B53B75B821144AE9001D65AC /* MapboxMobileEvents.framework */ = {isa = PBXFileReference; lastKnownFileType = wrapper.framework; name = MapboxMobileEvents.framework; path = Carthage/Build/iOS/MapboxMobileEvents.framework; sourceTree = SOURCE_ROOT; };
		B53B75BA21144B9A001D65AC /* EventsManager.swift */ = {isa = PBXFileReference; lastKnownFileType = sourcecode.swift; path = EventsManager.swift; sourceTree = "<group>"; };
		B583DF822240F55D00D73673 /* ZIPFoundation.framework */ = {isa = PBXFileReference; lastKnownFileType = wrapper.framework; name = ZIPFoundation.framework; path = Carthage/Build/iOS/ZIPFoundation.framework; sourceTree = "<group>"; };
		B5AEB46921186CCF00AF198E /* RecordArchiver.swift */ = {isa = PBXFileReference; lastKnownFileType = sourcecode.swift; path = RecordArchiver.swift; sourceTree = "<group>"; };
		B5BD9F6E211C69FF001EE97F /* RecordingQuota.swift */ = {isa = PBXFileReference; lastKnownFileType = sourcecode.swift; path = RecordingQuota.swift; sourceTree = "<group>"; };
/* End PBXFileReference section */

/* Begin PBXFrameworksBuildPhase section */
		2E0719902257871300345FA8 /* Frameworks */ = {
			isa = PBXFrameworksBuildPhase;
			buildActionMask = 2147483647;
			files = (
				2E071AA02257CCDB00345FA8 /* MapboxVisionARNative.framework in Frameworks */,
				2E071A9D2257CCBD00345FA8 /* MapboxVisionNative.framework in Frameworks */,
				2E071A992257CC6F00345FA8 /* MapboxVision.framework in Frameworks */,
			);
			runOnlyForDeploymentPostprocessing = 0;
		};
		2E0719D82257871B00345FA8 /* Frameworks */ = {
			isa = PBXFrameworksBuildPhase;
			buildActionMask = 2147483647;
			files = (
				2E071A9E2257CCBF00345FA8 /* MapboxVisionNative.framework in Frameworks */,
				2E071AA22257CCEA00345FA8 /* MapboxVisionSafetyNative.framework in Frameworks */,
				2E071A9A2257CC7800345FA8 /* MapboxVision.framework in Frameworks */,
			);
			runOnlyForDeploymentPostprocessing = 0;
		};
		2E4EE20E20EFD378003431B3 /* Frameworks */ = {
			isa = PBXFrameworksBuildPhase;
			buildActionMask = 2147483647;
			files = (
				2E071A9C2257CCB700345FA8 /* MapboxVisionNative.framework in Frameworks */,
				B53B75B921144AE9001D65AC /* MapboxMobileEvents.framework in Frameworks */,
				B583DF832240F55D00D73673 /* ZIPFoundation.framework in Frameworks */,
			);
			runOnlyForDeploymentPostprocessing = 0;
		};
		B51E5576215E313500650DDE /* Frameworks */ = {
			isa = PBXFrameworksBuildPhase;
			buildActionMask = 2147483647;
			files = (
				B51E557E215E313500650DDE /* MapboxVision.framework in Frameworks */,
			);
			runOnlyForDeploymentPostprocessing = 0;
		};
/* End PBXFrameworksBuildPhase section */

/* Begin PBXGroup section */
		2E071A322257887E00345FA8 /* MapboxVisionAR */ = {
			isa = PBXGroup;
			children = (
				2E071A392257887E00345FA8 /* Models */,
				2E071A932257C8B800345FA8 /* Navigation */,
				2E071A912257C83300345FA8 /* Render */,
				2E071A922257C89B00345FA8 /* VIsionARManager */,
				2E071A3E2257887E00345FA8 /* MapboxVisionAR.h */,
				2E071A432257887E00345FA8 /* Info.plist */,
			);
			path = MapboxVisionAR;
			sourceTree = "<group>";
		};
		2E071A392257887E00345FA8 /* Models */ = {
			isa = PBXGroup;
			children = (
				2E071A3A2257887E00345FA8 /* grid.obj */,
				2E071A3B2257887E00345FA8 /* lane.obj */,
				2E071A3C2257887E00345FA8 /* nav-arrow.obj */,
			);
			path = Models;
			sourceTree = "<group>";
		};
		2E071A7E2257AE0A00345FA8 /* MapboxVisionSafety */ = {
			isa = PBXGroup;
			children = (
				2E071A942257C99C00345FA8 /* VisionSafetyManager */,
				2E071A7F2257AE0A00345FA8 /* MapboxVisionSafety.h */,
				2E071A812257AE0A00345FA8 /* Info.plist */,
			);
			path = MapboxVisionSafety;
			sourceTree = "<group>";
		};
		2E071A902257C42100345FA8 /* VisionManager */ = {
			isa = PBXGroup;
			children = (
				2E7F14FA228E2D1400BAF585 /* BaseVisionManager.swift */,
				2E4EE23020EFD5BA003431B3 /* ManagerDependencies.swift */,
				2E245B1B215A57D2008F57D1 /* OperationMode.swift */,
				2E7F14FC228E92D900BAF585 /* VisionReplayManager.swift */,
				2E4EE23E20EFD651003431B3 /* VisionManager.swift */,
				2E81BBF0222E9FA900C4B49C /* VisionManagerDelegate.swift */,
				2E7F1500228F0E0B00BAF585 /* VisionManagerProtocol.swift */,
			);
			path = VisionManager;
			sourceTree = "<group>";
		};
		2E071A912257C83300345FA8 /* Render */ = {
			isa = PBXGroup;
			children = (
				2E071A3F2257887E00345FA8 /* VisionARViewController.swift */,
				2E071A382257887E00345FA8 /* Shaders.metal */,
				2E071A3D2257887E00345FA8 /* ARMath.swift */,
				2E071A352257887E00345FA8 /* ARRenderer.swift */,
				2E071A362257887E00345FA8 /* ARScene.swift */,
			);
			path = Render;
			sourceTree = "<group>";
		};
		2E071A922257C89B00345FA8 /* VIsionARManager */ = {
			isa = PBXGroup;
			children = (
				2E071A372257887E00345FA8 /* VisionARManager.swift */,
				2E071A342257887E00345FA8 /* VisionARManagerDelegate.swift */,
			);
			path = VIsionARManager;
			sourceTree = "<group>";
		};
		2E071A932257C8B800345FA8 /* Navigation */ = {
			isa = PBXGroup;
			children = (
				2E071A332257887E00345FA8 /* ARRoute+DirectionsRoute.swift */,
			);
			path = Navigation;
			sourceTree = "<group>";
		};
		2E071A942257C99C00345FA8 /* VisionSafetyManager */ = {
			isa = PBXGroup;
			children = (
				2E071A802257AE0A00345FA8 /* VisionSafetyManager.swift */,
				2E071A822257AE0A00345FA8 /* VisionSafetyManagerDelegate.swift */,
			);
			path = VisionSafetyManager;
			sourceTree = "<group>";
		};
		2E4EE20820EFD378003431B3 = {
			isa = PBXGroup;
			children = (
				2E4EE21420EFD378003431B3 /* MapboxVision */,
				B51E557A215E313500650DDE /* MapboxVisionTests */,
				2E071A322257887E00345FA8 /* MapboxVisionAR */,
				2E071A7E2257AE0A00345FA8 /* MapboxVisionSafety */,
				2E4EE2E020F0CC63003431B3 /* Resources */,
				2E4EE21320EFD378003431B3 /* Products */,
				2E4EE28D20F05730003431B3 /* Frameworks */,
			);
			sourceTree = "<group>";
		};
		2E4EE21320EFD378003431B3 /* Products */ = {
			isa = PBXGroup;
			children = (
				2E4EE21220EFD378003431B3 /* MapboxVision.framework */,
				B51E5579215E313500650DDE /* MapboxVisionTests.xctest */,
				2E07199C2257871300345FA8 /* MapboxVisionAR.framework */,
				2E0719E42257871B00345FA8 /* MapboxVisionSafety.framework */,
			);
			name = Products;
			sourceTree = "<group>";
		};
		2E4EE21420EFD378003431B3 /* MapboxVision */ = {
			isa = PBXGroup;
			children = (
				2E4EE23A20EFD5BB003431B3 /* Core */,
				2E4EE26F20F055B8003431B3 /* Helpers */,
				2E4EE23520EFD5BA003431B3 /* Services */,
				2E4EE24520EFD651003431B3 /* View */,
				2E071A902257C42100345FA8 /* VisionManager */,
				2E4EE21520EFD378003431B3 /* MapboxVision.h */,
				2E4EE21620EFD378003431B3 /* Info.plist */,
			);
			path = MapboxVision;
			sourceTree = "<group>";
		};
		2E4EE21E20EFD5BA003431B3 /* Reachability */ = {
			isa = PBXGroup;
			children = (
				2E4EE21D20EFD5BA003431B3 /* Reachability.swift */,
			);
			path = Reachability;
			sourceTree = "<group>";
		};
		2E4EE22320EFD5BA003431B3 /* Network */ = {
			isa = PBXGroup;
			children = (
				2E4EE22020EFD5BA003431B3 /* NetworkClient.swift */,
				2E4EE22120EFD5BA003431B3 /* Path.swift */,
			);
			path = Network;
			sourceTree = "<group>";
		};
		2E4EE22620EFD5BA003431B3 /* Storage */ = {
			isa = PBXGroup;
			children = (
				2E4EE22420EFD5BA003431B3 /* RecordDataSource.swift */,
				2E4EE22520EFD5BA003431B3 /* RecordFileType.swift */,
			);
			path = Storage;
			sourceTree = "<group>";
		};
		2E4EE22E20EFD5BA003431B3 /* Recording */ = {
			isa = PBXGroup;
			children = (
				2E4EE22720EFD5BA003431B3 /* FileRecorder.swift */,
				2E4EE22820EFD5BA003431B3 /* VideoRecorder.swift */,
				2E4EE22920EFD5BA003431B3 /* ImageRecorder.swift */,
				2E4EE22A20EFD5BA003431B3 /* RecordCoordinator.swift */,
				2E4EE22B20EFD5BA003431B3 /* RecordingPath.swift */,
				2E22F1982108870B0093F043 /* VideoBuffer.swift */,
				2EFF563E210B4A5B00B8D512 /* VideoTrimmer.swift */,
				B5AEB46921186CCF00AF198E /* RecordArchiver.swift */,
				B5BD9F6E211C69FF001EE97F /* RecordingQuota.swift */,
				B50CFBA92163C89D00C9C5A5 /* FileManager.swift */,
				2E7F14ED22898EF200BAF585 /* SessionRecorder.swift */,
			);
			path = Recording;
			sourceTree = "<group>";
		};
		2E4EE23520EFD5BA003431B3 /* Services */ = {
			isa = PBXGroup;
			children = (
				2E4EE22320EFD5BA003431B3 /* Network */,
				2E4EE21E20EFD5BA003431B3 /* Reachability */,
				2E4EE22E20EFD5BA003431B3 /* Recording */,
				2E4EE22620EFD5BA003431B3 /* Storage */,
				9D72AF1C0C0DA63A86960F57 /* Sync */,
				9D72AC788D4F1F83614B3374 /* VideoSource */,
				2EDD8706219ED89E00760C6D /* Constants.swift */,
				2E4EE23420EFD5BA003431B3 /* DataProvider.swift */,
				2E4EE22F20EFD5BA003431B3 /* DeviceInfoProvider.swift */,
				B53B75BA21144B9A001D65AC /* EventsManager.swift */,
				2E4EE2A720F0590D003431B3 /* LocationManager.swift */,
				2E88A9B9213ED5DC008A27C8 /* ModelPerformance.swift */,
				2E4EE2A520F0590B003431B3 /* MotionManager.swift */,
				2E539DE8210F00190058D9B2 /* SessionManager.swift */,
				2E4EE25420F05370003431B3 /* VideoSettings.swift */,
				2E7F14FE228E982D00BAF585 /* VideoPlayer.swift */,
			);
			path = Services;
			sourceTree = "<group>";
		};
		2E4EE23A20EFD5BB003431B3 /* Core */ = {
			isa = PBXGroup;
			children = (
				2E4EE23920EFD5BB003431B3 /* CoreConfig.swift */,
				2E4EE23820EFD5BB003431B3 /* Platform.swift */,
			);
			path = Core;
			sourceTree = "<group>";
		};
		2E4EE24520EFD651003431B3 /* View */ = {
			isa = PBXGroup;
			children = (
				2E4EE24320EFD651003431B3 /* blend.metal */,
				2E4EE24420EFD651003431B3 /* DetectionsView.swift */,
				2E4EE24220EFD651003431B3 /* SegmentationDrawer.swift */,
				2E4EE23D20EFD651003431B3 /* VideoStreamView.swift */,
				2E4EE23F20EFD651003431B3 /* VisionPresentationViewController.swift */,
			);
			path = View;
			sourceTree = "<group>";
		};
		2E4EE26F20F055B8003431B3 /* Helpers */ = {
			isa = PBXGroup;
			children = (
				2E4EE29B20F058B7003431B3 /* AVCaptureConnection+Orientation.swift */,
				2E4EE2CB20F06A11003431B3 /* CGPoint+Convert.swift */,
				2E4EE29A20F058B7003431B3 /* Collection+Safe.swift */,
				9D72A5D7CECFACCEE667A42B /* CVPixelBuffer+Helper.swift */,
				9D72A773F7BCE045156649B6 /* DateFormatter.swift */,
				2E19772A211DDD5900311B95 /* DeviceChecker.swift */,
				2E4EE2B820F05ACB003431B3 /* Result.swift */,
				2EC332A2217E02BA00E041FE /* String.swift */,
				2E4EE29220F05843003431B3 /* URL.swift */,
				2E4EE29920F058B6003431B3 /* UserDefaults+DefaultValue.swift */,
			);
			path = Helpers;
			sourceTree = "<group>";
		};
		2E4EE28D20F05730003431B3 /* Frameworks */ = {
			isa = PBXGroup;
			children = (
				2E071A9B2257CCB700345FA8 /* MapboxVisionNative.framework */,
				2E071A9F2257CCDB00345FA8 /* MapboxVisionARNative.framework */,
				2E071AA12257CCEA00345FA8 /* MapboxVisionSafetyNative.framework */,
				2E071A5322578A3E00345FA8 /* MapboxCoreNavigation.framework */,
				B53B75B821144AE9001D65AC /* MapboxMobileEvents.framework */,
				B583DF822240F55D00D73673 /* ZIPFoundation.framework */,
			);
			name = Frameworks;
			sourceTree = "<group>";
		};
		2E4EE2E020F0CC63003431B3 /* Resources */ = {
			isa = PBXGroup;
			children = (
				2E6033532142900C0050EDB3 /* Images.swift */,
				2E4EE2E220F0CC63003431B3 /* Assets.xcassets */,
			);
			path = Resources;
			sourceTree = "<group>";
		};
		9D72AC788D4F1F83614B3374 /* VideoSource */ = {
			isa = PBXGroup;
			children = (
				9D72A9D70E54F426D0E8990E /* VideoSource.swift */,
				2EDFFD72224BBD3E003BB718 /* ObservableVideoSource.swift */,
				9D72A648B7F1E55B41E25240 /* CameraVideoSource.swift */,
			);
			path = VideoSource;
			sourceTree = "<group>";
		};
		9D72AF1C0C0DA63A86960F57 /* Sync */ = {
			isa = PBXGroup;
			children = (
				9D72AEC4FF135C1A496B5215 /* RecordSynchronizer.swift */,
				2E7F14E922896C5700BAF585 /* Synchronizable.swift */,
				2E7F14EB22896D0600BAF585 /* ManagedSynchronizer.swift */,
			);
			path = Sync;
			sourceTree = "<group>";
		};
		B50CFBAB2163C8D700C9C5A5 /* Mocks */ = {
			isa = PBXGroup;
			children = (
				B50CFBAC2163C91500C9C5A5 /* MockNetworkClient.swift */,
				B50CFBAE2163C98E00C9C5A5 /* MockRecordDataSource.swift */,
				B50CFBB02163C9AC00C9C5A5 /* MockArchiver.swift */,
				B50CFBB22163C9C500C9C5A5 /* MockFileManager.swift */,
			);
			path = Mocks;
			sourceTree = "<group>";
		};
		B51E557A215E313500650DDE /* MapboxVisionTests */ = {
			isa = PBXGroup;
			children = (
				B50CFBAB2163C8D700C9C5A5 /* Mocks */,
				B51E557B215E313500650DDE /* RecordSynchronizerTests.swift */,
				2EF31C8F21904BB300752D23 /* RecordCoordinatorTests.swift */,
				2EDD8708219EDC0200760C6D /* DeviceProviderTests.swift */,
				B51E557D215E313500650DDE /* Info.plist */,
			);
			path = MapboxVisionTests;
			sourceTree = "<group>";
		};
/* End PBXGroup section */

/* Begin PBXHeadersBuildPhase section */
		2E0719942257871300345FA8 /* Headers */ = {
			isa = PBXHeadersBuildPhase;
			buildActionMask = 2147483647;
			files = (
				2E071A4E2257887F00345FA8 /* MapboxVisionAR.h in Headers */,
			);
			runOnlyForDeploymentPostprocessing = 0;
		};
		2E0719DC2257871B00345FA8 /* Headers */ = {
			isa = PBXHeadersBuildPhase;
			buildActionMask = 2147483647;
			files = (
				2E071A832257AE0A00345FA8 /* MapboxVisionSafety.h in Headers */,
			);
			runOnlyForDeploymentPostprocessing = 0;
		};
		2E4EE20F20EFD378003431B3 /* Headers */ = {
			isa = PBXHeadersBuildPhase;
			buildActionMask = 2147483647;
			files = (
				2E4EE21720EFD378003431B3 /* MapboxVision.h in Headers */,
			);
			runOnlyForDeploymentPostprocessing = 0;
		};
/* End PBXHeadersBuildPhase section */

/* Begin PBXNativeTarget section */
		2E0719562257871300345FA8 /* MapboxVisionAR */ = {
			isa = PBXNativeTarget;
			buildConfigurationList = 2E0719982257871300345FA8 /* Build configuration list for PBXNativeTarget "MapboxVisionAR" */;
			buildPhases = (
				2E0719572257871300345FA8 /* Sources */,
				2E0719902257871300345FA8 /* Frameworks */,
				2E0719942257871300345FA8 /* Headers */,
				2E0719962257871300345FA8 /* Resources */,
			);
			buildRules = (
			);
			dependencies = (
			);
			name = MapboxVisionAR;
			productName = MapboxVision;
			productReference = 2E07199C2257871300345FA8 /* MapboxVisionAR.framework */;
			productType = "com.apple.product-type.framework";
		};
		2E07199E2257871B00345FA8 /* MapboxVisionSafety */ = {
			isa = PBXNativeTarget;
			buildConfigurationList = 2E0719E02257871B00345FA8 /* Build configuration list for PBXNativeTarget "MapboxVisionSafety" */;
			buildPhases = (
				2E07199F2257871B00345FA8 /* Sources */,
				2E0719D82257871B00345FA8 /* Frameworks */,
				2E0719DC2257871B00345FA8 /* Headers */,
				2E0719DE2257871B00345FA8 /* Resources */,
			);
			buildRules = (
			);
			dependencies = (
			);
			name = MapboxVisionSafety;
			productName = MapboxVision;
			productReference = 2E0719E42257871B00345FA8 /* MapboxVisionSafety.framework */;
			productType = "com.apple.product-type.framework";
		};
		2E4EE21120EFD378003431B3 /* MapboxVision */ = {
			isa = PBXNativeTarget;
			buildConfigurationList = 2E4EE21A20EFD378003431B3 /* Build configuration list for PBXNativeTarget "MapboxVision" */;
			buildPhases = (
				2E4EE20D20EFD378003431B3 /* Sources */,
				2E4EE20E20EFD378003431B3 /* Frameworks */,
				2E4EE20F20EFD378003431B3 /* Headers */,
				2E4EE21020EFD378003431B3 /* Resources */,
			);
			buildRules = (
			);
			dependencies = (
			);
			name = MapboxVision;
			productName = MapboxVision;
			productReference = 2E4EE21220EFD378003431B3 /* MapboxVision.framework */;
			productType = "com.apple.product-type.framework";
		};
		B51E5578215E313500650DDE /* MapboxVisionTests */ = {
			isa = PBXNativeTarget;
			buildConfigurationList = B51E5584215E313500650DDE /* Build configuration list for PBXNativeTarget "MapboxVisionTests" */;
			buildPhases = (
				B51E5575215E313500650DDE /* Sources */,
				B51E5576215E313500650DDE /* Frameworks */,
				B51E5577215E313500650DDE /* Resources */,
				B50CFBA52162654E00C9C5A5 /* CopyFiles */,
			);
			buildRules = (
			);
			dependencies = (
				B51E5580215E313500650DDE /* PBXTargetDependency */,
			);
			name = MapboxVisionTests;
			productName = MapboxVisionTests;
			productReference = B51E5579215E313500650DDE /* MapboxVisionTests.xctest */;
			productType = "com.apple.product-type.bundle.unit-test";
		};
/* End PBXNativeTarget section */

/* Begin PBXProject section */
		2E4EE20920EFD378003431B3 /* Project object */ = {
			isa = PBXProject;
			attributes = {
				LastSwiftUpdateCheck = 1000;
				LastUpgradeCheck = 0940;
				ORGANIZATIONNAME = Mapbox;
				TargetAttributes = {
					2E4EE21120EFD378003431B3 = {
						CreatedOnToolsVersion = 9.4.1;
					};
					B51E5578215E313500650DDE = {
						CreatedOnToolsVersion = 10.0;
					};
				};
			};
			buildConfigurationList = 2E4EE20C20EFD378003431B3 /* Build configuration list for PBXProject "MapboxVision" */;
			compatibilityVersion = "Xcode 10.0";
			developmentRegion = en;
			hasScannedForEncodings = 0;
			knownRegions = (
				en,
			);
			mainGroup = 2E4EE20820EFD378003431B3;
			productRefGroup = 2E4EE21320EFD378003431B3 /* Products */;
			projectDirPath = "";
			projectRoot = "";
			targets = (
				2E4EE21120EFD378003431B3 /* MapboxVision */,
				B51E5578215E313500650DDE /* MapboxVisionTests */,
				2E0719562257871300345FA8 /* MapboxVisionAR */,
				2E07199E2257871B00345FA8 /* MapboxVisionSafety */,
			);
		};
/* End PBXProject section */

/* Begin PBXResourcesBuildPhase section */
		2E0719962257871300345FA8 /* Resources */ = {
			isa = PBXResourcesBuildPhase;
			buildActionMask = 2147483647;
			files = (
				2E071A4B2257887F00345FA8 /* lane.obj in Resources */,
				2E071A312257883900345FA8 /* Assets.xcassets in Resources */,
				2E071A4A2257887F00345FA8 /* grid.obj in Resources */,
				2E071A4C2257887F00345FA8 /* nav-arrow.obj in Resources */,
			);
			runOnlyForDeploymentPostprocessing = 0;
		};
		2E0719DE2257871B00345FA8 /* Resources */ = {
			isa = PBXResourcesBuildPhase;
			buildActionMask = 2147483647;
			files = (
			);
			runOnlyForDeploymentPostprocessing = 0;
		};
		2E4EE21020EFD378003431B3 /* Resources */ = {
			isa = PBXResourcesBuildPhase;
			buildActionMask = 2147483647;
			files = (
				2E4EE2E520F0CC63003431B3 /* Assets.xcassets in Resources */,
			);
			runOnlyForDeploymentPostprocessing = 0;
		};
		B51E5577215E313500650DDE /* Resources */ = {
			isa = PBXResourcesBuildPhase;
			buildActionMask = 2147483647;
			files = (
			);
			runOnlyForDeploymentPostprocessing = 0;
		};
/* End PBXResourcesBuildPhase section */

/* Begin PBXSourcesBuildPhase section */
		2E0719572257871300345FA8 /* Sources */ = {
			isa = PBXSourcesBuildPhase;
			buildActionMask = 2147483647;
			files = (
				2E071A492257887F00345FA8 /* Shaders.metal in Sources */,
				2E071A4F2257887F00345FA8 /* VisionARViewController.swift in Sources */,
				2E071A8F2257BD9F00345FA8 /* Images.swift in Sources */,
				2E071A442257887F00345FA8 /* ARRoute+DirectionsRoute.swift in Sources */,
				2E071A472257887F00345FA8 /* ARScene.swift in Sources */,
				2E071A462257887F00345FA8 /* ARRenderer.swift in Sources */,
				2E071A4D2257887F00345FA8 /* ARMath.swift in Sources */,
				2E071A482257887F00345FA8 /* VisionARManager.swift in Sources */,
				2E071A452257887F00345FA8 /* VisionARManagerDelegate.swift in Sources */,
			);
			runOnlyForDeploymentPostprocessing = 0;
		};
		2E07199F2257871B00345FA8 /* Sources */ = {
			isa = PBXSourcesBuildPhase;
			buildActionMask = 2147483647;
			files = (
				2E071A862257AE0A00345FA8 /* VisionSafetyManagerDelegate.swift in Sources */,
				2E071A842257AE0A00345FA8 /* VisionSafetyManager.swift in Sources */,
			);
			runOnlyForDeploymentPostprocessing = 0;
		};
		2E4EE20D20EFD378003431B3 /* Sources */ = {
			isa = PBXSourcesBuildPhase;
			buildActionMask = 2147483647;
			files = (
				2E7F14FF228E982D00BAF585 /* VideoPlayer.swift in Sources */,
				2E4EE2BA20F05ACB003431B3 /* Result.swift in Sources */,
				2E4EE27320F05652003431B3 /* Platform.swift in Sources */,
				2E19772B211DDD5900311B95 /* DeviceChecker.swift in Sources */,
				2E4EE27820F05659003431B3 /* Path.swift in Sources */,
				2E245B1C215A57D2008F57D1 /* OperationMode.swift in Sources */,
				2E4EE27A20F0565E003431B3 /* RecordDataSource.swift in Sources */,
				2E4EE25520F05371003431B3 /* VideoSettings.swift in Sources */,
				B53B75BB21144B9A001D65AC /* EventsManager.swift in Sources */,
				2E4EE28420F05665003431B3 /* ManagerDependencies.swift in Sources */,
				2E4EE27720F05659003431B3 /* NetworkClient.swift in Sources */,
				2E4EE2AC20F0590F003431B3 /* LocationManager.swift in Sources */,
				2E4EE2A220F058B9003431B3 /* AVCaptureConnection+Orientation.swift in Sources */,
				2E4EE24D20F05045003431B3 /* VisionManager.swift in Sources */,
				2E4EE2A020F058B9003431B3 /* UserDefaults+DefaultValue.swift in Sources */,
				2E4EE28020F05661003431B3 /* RecordingPath.swift in Sources */,
				2E4EE29420F05844003431B3 /* URL.swift in Sources */,
				2E4EE28820F05665003431B3 /* DataProvider.swift in Sources */,
				2E4EE2CC20F06A11003431B3 /* CGPoint+Convert.swift in Sources */,
				2EDD8707219ED89E00760C6D /* Constants.swift in Sources */,
				2E88A9BA213ED5DC008A27C8 /* ModelPerformance.swift in Sources */,
				2E4EE25320F05045003431B3 /* DetectionsView.swift in Sources */,
				2E4EE24E20F05045003431B3 /* VisionPresentationViewController.swift in Sources */,
				2E4EE28320F05665003431B3 /* DeviceInfoProvider.swift in Sources */,
				B5BD9F6F211C69FF001EE97F /* RecordingQuota.swift in Sources */,
				2EFF563F210B4A5B00B8D512 /* VideoTrimmer.swift in Sources */,
				2E4EE2A120F058B9003431B3 /* Collection+Safe.swift in Sources */,
				2E7F14FD228E92D900BAF585 /* VisionReplayManager.swift in Sources */,
				2E6033542142900C0050EDB3 /* Images.swift in Sources */,
				2E4EE27B20F0565E003431B3 /* RecordFileType.swift in Sources */,
				2E4EE27D20F05661003431B3 /* VideoRecorder.swift in Sources */,
				2E81BBF1222E9FA900C4B49C /* VisionManagerDelegate.swift in Sources */,
				2E539DE9210F00190058D9B2 /* SessionManager.swift in Sources */,
				2E4EE25120F05045003431B3 /* SegmentationDrawer.swift in Sources */,
				2E7F14EC22896D0600BAF585 /* ManagedSynchronizer.swift in Sources */,
				2E4EE2AA20F0590F003431B3 /* MotionManager.swift in Sources */,
				2E7F14FB228E2D1400BAF585 /* BaseVisionManager.swift in Sources */,
				2E7F14EA22896C5700BAF585 /* Synchronizable.swift in Sources */,
				B50CFBAA2163C89D00C9C5A5 /* FileManager.swift in Sources */,
				2E4EE27C20F05661003431B3 /* FileRecorder.swift in Sources */,
				2E7F1501228F0E0B00BAF585 /* VisionManagerProtocol.swift in Sources */,
				B5AEB46A21186CCF00AF198E /* RecordArchiver.swift in Sources */,
				2E4EE24C20F05045003431B3 /* VideoStreamView.swift in Sources */,
				2E4EE27F20F05661003431B3 /* RecordCoordinator.swift in Sources */,
				2E22F1992108870B0093F043 /* VideoBuffer.swift in Sources */,
				2EC332A3217E02BA00E041FE /* String.swift in Sources */,
				2EDFFD73224BBD3E003BB718 /* ObservableVideoSource.swift in Sources */,
				2E4EE27E20F05661003431B3 /* ImageRecorder.swift in Sources */,
				2E7F14EE22898EF200BAF585 /* SessionRecorder.swift in Sources */,
				2E4EE25220F05045003431B3 /* blend.metal in Sources */,
				2E4EE27520F05655003431B3 /* Reachability.swift in Sources */,
				2E4EE27420F05652003431B3 /* CoreConfig.swift in Sources */,
				9D72A196BCA3C43852E39A10 /* DateFormatter.swift in Sources */,
				9D72AB1C8F3CE6B6E2222E7E /* CameraVideoSource.swift in Sources */,
				9D72A4A4A30F19F3EA8A7316 /* VideoSource.swift in Sources */,
				9D72AB0D4BB86199CF051DC2 /* CVPixelBuffer+Helper.swift in Sources */,
				9D72A5C114A06457134C5EE5 /* RecordSynchronizer.swift in Sources */,
			);
			runOnlyForDeploymentPostprocessing = 0;
		};
		B51E5575215E313500650DDE /* Sources */ = {
			isa = PBXSourcesBuildPhase;
			buildActionMask = 2147483647;
			files = (
				B51E557C215E313500650DDE /* RecordSynchronizerTests.swift in Sources */,
				2EF31C9021904BB300752D23 /* RecordCoordinatorTests.swift in Sources */,
				B50CFBAD2163C91500C9C5A5 /* MockNetworkClient.swift in Sources */,
				B50CFBAF2163C98E00C9C5A5 /* MockRecordDataSource.swift in Sources */,
				B50CFBB12163C9AC00C9C5A5 /* MockArchiver.swift in Sources */,
				B50CFBB32163C9C500C9C5A5 /* MockFileManager.swift in Sources */,
				2EDD8709219EDC0200760C6D /* DeviceProviderTests.swift in Sources */,
			);
			runOnlyForDeploymentPostprocessing = 0;
		};
/* End PBXSourcesBuildPhase section */

/* Begin PBXTargetDependency section */
		B51E5580215E313500650DDE /* PBXTargetDependency */ = {
			isa = PBXTargetDependency;
			target = 2E4EE21120EFD378003431B3 /* MapboxVision */;
			targetProxy = B51E557F215E313500650DDE /* PBXContainerItemProxy */;
		};
/* End PBXTargetDependency section */

/* Begin XCBuildConfiguration section */
		2E0719992257871300345FA8 /* Debug */ = {
			isa = XCBuildConfiguration;
			buildSettings = {
				CODE_SIGN_IDENTITY = "";
				CODE_SIGN_STYLE = Automatic;
				DEBUG_INFORMATION_FORMAT = "dwarf-with-dsym";
				DEFINES_MODULE = YES;
				DEVELOPMENT_TEAM = "";
				DYLIB_COMPATIBILITY_VERSION = 1;
				DYLIB_CURRENT_VERSION = 1;
				DYLIB_INSTALL_NAME_BASE = "@rpath";
				INFOPLIST_FILE = MapboxVisionAR/Info.plist;
				INSTALL_PATH = "$(LOCAL_LIBRARY_DIR)/Frameworks";
				IPHONEOS_DEPLOYMENT_TARGET = 11.2;
				LD_RUNPATH_SEARCH_PATHS = (
					"$(inherited)",
					"@executable_path/Frameworks",
					"@loader_path/Frameworks",
				);
				PRODUCT_BUNDLE_IDENTIFIER = com.mapbox.MapboxVisionAR;
				PRODUCT_NAME = "$(TARGET_NAME)";
				SKIP_INSTALL = YES;
				SWIFT_INCLUDE_PATHS = "";
				SWIFT_VERSION = 4.2;
				TARGETED_DEVICE_FAMILY = "1,2";
			};
			name = Debug;
		};
		2E07199A2257871300345FA8 /* Release */ = {
			isa = XCBuildConfiguration;
			buildSettings = {
				CODE_SIGN_IDENTITY = "";
				CODE_SIGN_STYLE = Automatic;
				DEFINES_MODULE = YES;
				DEVELOPMENT_TEAM = "";
				DYLIB_COMPATIBILITY_VERSION = 1;
				DYLIB_CURRENT_VERSION = 1;
				DYLIB_INSTALL_NAME_BASE = "@rpath";
				GCC_OPTIMIZATION_LEVEL = fast;
				INFOPLIST_FILE = MapboxVisionAR/Info.plist;
				INSTALL_PATH = "$(LOCAL_LIBRARY_DIR)/Frameworks";
				IPHONEOS_DEPLOYMENT_TARGET = 11.2;
				LD_RUNPATH_SEARCH_PATHS = (
					"$(inherited)",
					"@executable_path/Frameworks",
					"@loader_path/Frameworks",
				);
				PRODUCT_BUNDLE_IDENTIFIER = com.mapbox.MapboxVisionAR;
				PRODUCT_NAME = "$(TARGET_NAME)";
				SKIP_INSTALL = YES;
				SWIFT_INCLUDE_PATHS = "";
				SWIFT_VERSION = 4.2;
				TARGETED_DEVICE_FAMILY = "1,2";
			};
			name = Release;
		};
		2E07199B2257871300345FA8 /* AdhocRelease */ = {
			isa = XCBuildConfiguration;
			buildSettings = {
				CODE_SIGN_IDENTITY = "";
				CODE_SIGN_STYLE = Automatic;
				DEFINES_MODULE = YES;
				DEVELOPMENT_TEAM = "";
				DYLIB_COMPATIBILITY_VERSION = 1;
				DYLIB_CURRENT_VERSION = 1;
				DYLIB_INSTALL_NAME_BASE = "@rpath";
				GCC_OPTIMIZATION_LEVEL = fast;
				INFOPLIST_FILE = MapboxVisionAR/Info.plist;
				INSTALL_PATH = "$(LOCAL_LIBRARY_DIR)/Frameworks";
				IPHONEOS_DEPLOYMENT_TARGET = 11.2;
				LD_RUNPATH_SEARCH_PATHS = (
					"$(inherited)",
					"@executable_path/Frameworks",
					"@loader_path/Frameworks",
				);
				PRODUCT_BUNDLE_IDENTIFIER = com.mapbox.MapboxVisionAR;
				PRODUCT_NAME = "$(TARGET_NAME)";
				SKIP_INSTALL = YES;
				SWIFT_INCLUDE_PATHS = "";
				SWIFT_VERSION = 4.2;
				TARGETED_DEVICE_FAMILY = "1,2";
			};
			name = AdhocRelease;
		};
		2E0719E12257871B00345FA8 /* Debug */ = {
			isa = XCBuildConfiguration;
			buildSettings = {
				CODE_SIGN_IDENTITY = "";
				CODE_SIGN_STYLE = Automatic;
				DEBUG_INFORMATION_FORMAT = "dwarf-with-dsym";
				DEFINES_MODULE = YES;
				DEVELOPMENT_TEAM = "";
				DYLIB_COMPATIBILITY_VERSION = 1;
				DYLIB_CURRENT_VERSION = 1;
				DYLIB_INSTALL_NAME_BASE = "@rpath";
				INFOPLIST_FILE = MapboxVisionSafety/Info.plist;
				INSTALL_PATH = "$(LOCAL_LIBRARY_DIR)/Frameworks";
				IPHONEOS_DEPLOYMENT_TARGET = 11.2;
				LD_RUNPATH_SEARCH_PATHS = (
					"$(inherited)",
					"@executable_path/Frameworks",
					"@loader_path/Frameworks",
				);
				PRODUCT_BUNDLE_IDENTIFIER = com.mapbox.MapboxVisionSafety;
				PRODUCT_NAME = "$(TARGET_NAME)";
				SKIP_INSTALL = YES;
				SWIFT_INCLUDE_PATHS = "";
				SWIFT_VERSION = 4.2;
				TARGETED_DEVICE_FAMILY = "1,2";
			};
			name = Debug;
		};
		2E0719E22257871B00345FA8 /* Release */ = {
			isa = XCBuildConfiguration;
			buildSettings = {
				CODE_SIGN_IDENTITY = "";
				CODE_SIGN_STYLE = Automatic;
				DEFINES_MODULE = YES;
				DEVELOPMENT_TEAM = "";
				DYLIB_COMPATIBILITY_VERSION = 1;
				DYLIB_CURRENT_VERSION = 1;
				DYLIB_INSTALL_NAME_BASE = "@rpath";
				GCC_OPTIMIZATION_LEVEL = fast;
				INFOPLIST_FILE = MapboxVisionSafety/Info.plist;
				INSTALL_PATH = "$(LOCAL_LIBRARY_DIR)/Frameworks";
				IPHONEOS_DEPLOYMENT_TARGET = 11.2;
				LD_RUNPATH_SEARCH_PATHS = (
					"$(inherited)",
					"@executable_path/Frameworks",
					"@loader_path/Frameworks",
				);
				PRODUCT_BUNDLE_IDENTIFIER = com.mapbox.MapboxVisionSafety;
				PRODUCT_NAME = "$(TARGET_NAME)";
				SKIP_INSTALL = YES;
				SWIFT_INCLUDE_PATHS = "";
				SWIFT_VERSION = 4.2;
				TARGETED_DEVICE_FAMILY = "1,2";
			};
			name = Release;
		};
		2E0719E32257871B00345FA8 /* AdhocRelease */ = {
			isa = XCBuildConfiguration;
			buildSettings = {
				CODE_SIGN_IDENTITY = "";
				CODE_SIGN_STYLE = Automatic;
				DEFINES_MODULE = YES;
				DEVELOPMENT_TEAM = "";
				DYLIB_COMPATIBILITY_VERSION = 1;
				DYLIB_CURRENT_VERSION = 1;
				DYLIB_INSTALL_NAME_BASE = "@rpath";
				GCC_OPTIMIZATION_LEVEL = fast;
				INFOPLIST_FILE = MapboxVisionSafety/Info.plist;
				INSTALL_PATH = "$(LOCAL_LIBRARY_DIR)/Frameworks";
				IPHONEOS_DEPLOYMENT_TARGET = 11.2;
				LD_RUNPATH_SEARCH_PATHS = (
					"$(inherited)",
					"@executable_path/Frameworks",
					"@loader_path/Frameworks",
				);
				PRODUCT_BUNDLE_IDENTIFIER = com.mapbox.MapboxVisionSafety;
				PRODUCT_NAME = "$(TARGET_NAME)";
				SKIP_INSTALL = YES;
				SWIFT_INCLUDE_PATHS = "";
				SWIFT_VERSION = 4.2;
				TARGETED_DEVICE_FAMILY = "1,2";
			};
			name = AdhocRelease;
		};
		2E197726211DD3C700311B95 /* AdhocRelease */ = {
			isa = XCBuildConfiguration;
			buildSettings = {
				ALWAYS_SEARCH_USER_PATHS = NO;
				CLANG_ANALYZER_NONNULL = YES;
				CLANG_ANALYZER_NUMBER_OBJECT_CONVERSION = YES_AGGRESSIVE;
				CLANG_CXX_LANGUAGE_STANDARD = "gnu++14";
				CLANG_CXX_LIBRARY = "libc++";
				CLANG_ENABLE_MODULES = YES;
				CLANG_ENABLE_OBJC_ARC = YES;
				CLANG_ENABLE_OBJC_WEAK = YES;
				CLANG_WARN_BLOCK_CAPTURE_AUTORELEASING = YES;
				CLANG_WARN_BOOL_CONVERSION = YES;
				CLANG_WARN_COMMA = YES;
				CLANG_WARN_CONSTANT_CONVERSION = YES;
				CLANG_WARN_DEPRECATED_OBJC_IMPLEMENTATIONS = YES;
				CLANG_WARN_DIRECT_OBJC_ISA_USAGE = YES_ERROR;
				CLANG_WARN_DOCUMENTATION_COMMENTS = YES;
				CLANG_WARN_EMPTY_BODY = YES;
				CLANG_WARN_ENUM_CONVERSION = YES;
				CLANG_WARN_INFINITE_RECURSION = YES;
				CLANG_WARN_INT_CONVERSION = YES;
				CLANG_WARN_NON_LITERAL_NULL_CONVERSION = YES;
				CLANG_WARN_OBJC_IMPLICIT_RETAIN_SELF = YES;
				CLANG_WARN_OBJC_LITERAL_CONVERSION = YES;
				CLANG_WARN_OBJC_ROOT_CLASS = YES_ERROR;
				CLANG_WARN_RANGE_LOOP_ANALYSIS = YES;
				CLANG_WARN_STRICT_PROTOTYPES = YES;
				CLANG_WARN_SUSPICIOUS_MOVE = YES;
				CLANG_WARN_UNGUARDED_AVAILABILITY = YES_AGGRESSIVE;
				CLANG_WARN_UNREACHABLE_CODE = YES;
				CLANG_WARN__DUPLICATE_METHOD_MATCH = YES;
				CODE_SIGN_IDENTITY = "iPhone Developer";
				COPY_PHASE_STRIP = NO;
				CURRENT_PROJECT_VERSION = 1;
				DEBUG_INFORMATION_FORMAT = "dwarf-with-dsym";
				ENABLE_NS_ASSERTIONS = NO;
				ENABLE_STRICT_OBJC_MSGSEND = YES;
				FRAMEWORK_SEARCH_PATHS = (
					"$(inherited)",
					"$(PROJECT_DIR)/Carthage/Build/iOS",
				);
				GCC_C_LANGUAGE_STANDARD = gnu11;
				GCC_NO_COMMON_BLOCKS = YES;
				GCC_WARN_64_TO_32_BIT_CONVERSION = YES;
				GCC_WARN_ABOUT_RETURN_TYPE = YES_ERROR;
				GCC_WARN_UNDECLARED_SELECTOR = YES;
				GCC_WARN_UNINITIALIZED_AUTOS = YES_AGGRESSIVE;
				GCC_WARN_UNUSED_FUNCTION = YES;
				GCC_WARN_UNUSED_VARIABLE = YES;
				IPHONEOS_DEPLOYMENT_TARGET = 11.4;
				MTL_ENABLE_DEBUG_INFO = NO;
				SDKROOT = iphoneos;
				SUPPORTED_PLATFORMS = "iphonesimulator iphoneos";
				SWIFT_COMPILATION_MODE = wholemodule;
				SWIFT_OPTIMIZATION_LEVEL = "-O";
				VALIDATE_PRODUCT = YES;
				VERSIONING_SYSTEM = "apple-generic";
				VERSION_INFO_PREFIX = "";
			};
			name = AdhocRelease;
		};
		2E197727211DD3C700311B95 /* AdhocRelease */ = {
			isa = XCBuildConfiguration;
			buildSettings = {
				CODE_SIGN_IDENTITY = "";
				CODE_SIGN_STYLE = Automatic;
				DEFINES_MODULE = YES;
				DEVELOPMENT_TEAM = "";
				DYLIB_COMPATIBILITY_VERSION = 1;
				DYLIB_CURRENT_VERSION = 1;
				DYLIB_INSTALL_NAME_BASE = "@rpath";
				GCC_OPTIMIZATION_LEVEL = fast;
				INFOPLIST_FILE = MapboxVision/Info.plist;
				INSTALL_PATH = "$(LOCAL_LIBRARY_DIR)/Frameworks";
				IPHONEOS_DEPLOYMENT_TARGET = 11.2;
				LD_RUNPATH_SEARCH_PATHS = (
					"$(inherited)",
					"@executable_path/Frameworks",
					"@loader_path/Frameworks",
				);
				PRODUCT_BUNDLE_IDENTIFIER = com.mapbox.MapboxVision;
				PRODUCT_NAME = "$(TARGET_NAME:c99extidentifier)";
				SKIP_INSTALL = YES;
				SWIFT_INCLUDE_PATHS = "";
				SWIFT_VERSION = 4.2;
				TARGETED_DEVICE_FAMILY = "1,2";
			};
			name = AdhocRelease;
		};
		2E4EE21820EFD378003431B3 /* Debug */ = {
			isa = XCBuildConfiguration;
			buildSettings = {
				ALWAYS_SEARCH_USER_PATHS = NO;
				CLANG_ANALYZER_NONNULL = YES;
				CLANG_ANALYZER_NUMBER_OBJECT_CONVERSION = YES_AGGRESSIVE;
				CLANG_CXX_LANGUAGE_STANDARD = "gnu++14";
				CLANG_CXX_LIBRARY = "libc++";
				CLANG_ENABLE_MODULES = YES;
				CLANG_ENABLE_OBJC_ARC = YES;
				CLANG_ENABLE_OBJC_WEAK = YES;
				CLANG_WARN_BLOCK_CAPTURE_AUTORELEASING = YES;
				CLANG_WARN_BOOL_CONVERSION = YES;
				CLANG_WARN_COMMA = YES;
				CLANG_WARN_CONSTANT_CONVERSION = YES;
				CLANG_WARN_DEPRECATED_OBJC_IMPLEMENTATIONS = YES;
				CLANG_WARN_DIRECT_OBJC_ISA_USAGE = YES_ERROR;
				CLANG_WARN_DOCUMENTATION_COMMENTS = YES;
				CLANG_WARN_EMPTY_BODY = YES;
				CLANG_WARN_ENUM_CONVERSION = YES;
				CLANG_WARN_INFINITE_RECURSION = YES;
				CLANG_WARN_INT_CONVERSION = YES;
				CLANG_WARN_NON_LITERAL_NULL_CONVERSION = YES;
				CLANG_WARN_OBJC_IMPLICIT_RETAIN_SELF = YES;
				CLANG_WARN_OBJC_LITERAL_CONVERSION = YES;
				CLANG_WARN_OBJC_ROOT_CLASS = YES_ERROR;
				CLANG_WARN_RANGE_LOOP_ANALYSIS = YES;
				CLANG_WARN_STRICT_PROTOTYPES = YES;
				CLANG_WARN_SUSPICIOUS_MOVE = YES;
				CLANG_WARN_UNGUARDED_AVAILABILITY = YES_AGGRESSIVE;
				CLANG_WARN_UNREACHABLE_CODE = YES;
				CLANG_WARN__DUPLICATE_METHOD_MATCH = YES;
				CODE_SIGN_IDENTITY = "iPhone Developer";
				COPY_PHASE_STRIP = NO;
				CURRENT_PROJECT_VERSION = 1;
				DEBUG_INFORMATION_FORMAT = dwarf;
				ENABLE_STRICT_OBJC_MSGSEND = YES;
				ENABLE_TESTABILITY = YES;
				FRAMEWORK_SEARCH_PATHS = (
					"$(inherited)",
					"$(PROJECT_DIR)/Carthage/Build/iOS",
				);
				GCC_C_LANGUAGE_STANDARD = gnu11;
				GCC_DYNAMIC_NO_PIC = NO;
				GCC_NO_COMMON_BLOCKS = YES;
				GCC_OPTIMIZATION_LEVEL = 0;
				GCC_PREPROCESSOR_DEFINITIONS = (
					"DEBUG=1",
					"$(inherited)",
				);
				GCC_WARN_64_TO_32_BIT_CONVERSION = YES;
				GCC_WARN_ABOUT_RETURN_TYPE = YES_ERROR;
				GCC_WARN_UNDECLARED_SELECTOR = YES;
				GCC_WARN_UNINITIALIZED_AUTOS = YES_AGGRESSIVE;
				GCC_WARN_UNUSED_FUNCTION = YES;
				GCC_WARN_UNUSED_VARIABLE = YES;
				IPHONEOS_DEPLOYMENT_TARGET = 11.4;
				MTL_ENABLE_DEBUG_INFO = YES;
				ONLY_ACTIVE_ARCH = YES;
				SDKROOT = iphoneos;
				SUPPORTED_PLATFORMS = "iphonesimulator iphoneos";
				SWIFT_ACTIVE_COMPILATION_CONDITIONS = DEBUG;
				SWIFT_OPTIMIZATION_LEVEL = "-Onone";
				VERSIONING_SYSTEM = "apple-generic";
				VERSION_INFO_PREFIX = "";
			};
			name = Debug;
		};
		2E4EE21920EFD378003431B3 /* Release */ = {
			isa = XCBuildConfiguration;
			buildSettings = {
				ALWAYS_SEARCH_USER_PATHS = NO;
				CLANG_ANALYZER_NONNULL = YES;
				CLANG_ANALYZER_NUMBER_OBJECT_CONVERSION = YES_AGGRESSIVE;
				CLANG_CXX_LANGUAGE_STANDARD = "gnu++14";
				CLANG_CXX_LIBRARY = "libc++";
				CLANG_ENABLE_MODULES = YES;
				CLANG_ENABLE_OBJC_ARC = YES;
				CLANG_ENABLE_OBJC_WEAK = YES;
				CLANG_WARN_BLOCK_CAPTURE_AUTORELEASING = YES;
				CLANG_WARN_BOOL_CONVERSION = YES;
				CLANG_WARN_COMMA = YES;
				CLANG_WARN_CONSTANT_CONVERSION = YES;
				CLANG_WARN_DEPRECATED_OBJC_IMPLEMENTATIONS = YES;
				CLANG_WARN_DIRECT_OBJC_ISA_USAGE = YES_ERROR;
				CLANG_WARN_DOCUMENTATION_COMMENTS = YES;
				CLANG_WARN_EMPTY_BODY = YES;
				CLANG_WARN_ENUM_CONVERSION = YES;
				CLANG_WARN_INFINITE_RECURSION = YES;
				CLANG_WARN_INT_CONVERSION = YES;
				CLANG_WARN_NON_LITERAL_NULL_CONVERSION = YES;
				CLANG_WARN_OBJC_IMPLICIT_RETAIN_SELF = YES;
				CLANG_WARN_OBJC_LITERAL_CONVERSION = YES;
				CLANG_WARN_OBJC_ROOT_CLASS = YES_ERROR;
				CLANG_WARN_RANGE_LOOP_ANALYSIS = YES;
				CLANG_WARN_STRICT_PROTOTYPES = YES;
				CLANG_WARN_SUSPICIOUS_MOVE = YES;
				CLANG_WARN_UNGUARDED_AVAILABILITY = YES_AGGRESSIVE;
				CLANG_WARN_UNREACHABLE_CODE = YES;
				CLANG_WARN__DUPLICATE_METHOD_MATCH = YES;
				CODE_SIGN_IDENTITY = "iPhone Developer";
				COPY_PHASE_STRIP = NO;
				CURRENT_PROJECT_VERSION = 1;
				DEBUG_INFORMATION_FORMAT = "dwarf-with-dsym";
				ENABLE_NS_ASSERTIONS = NO;
				ENABLE_STRICT_OBJC_MSGSEND = YES;
				FRAMEWORK_SEARCH_PATHS = (
					"$(inherited)",
					"$(PROJECT_DIR)/Carthage/Build/iOS",
				);
				GCC_C_LANGUAGE_STANDARD = gnu11;
				GCC_NO_COMMON_BLOCKS = YES;
				GCC_WARN_64_TO_32_BIT_CONVERSION = YES;
				GCC_WARN_ABOUT_RETURN_TYPE = YES_ERROR;
				GCC_WARN_UNDECLARED_SELECTOR = YES;
				GCC_WARN_UNINITIALIZED_AUTOS = YES_AGGRESSIVE;
				GCC_WARN_UNUSED_FUNCTION = YES;
				GCC_WARN_UNUSED_VARIABLE = YES;
				IPHONEOS_DEPLOYMENT_TARGET = 11.4;
				MTL_ENABLE_DEBUG_INFO = NO;
				SDKROOT = iphoneos;
				SUPPORTED_PLATFORMS = "iphonesimulator iphoneos";
				SWIFT_COMPILATION_MODE = wholemodule;
				SWIFT_OPTIMIZATION_LEVEL = "-O";
				VALIDATE_PRODUCT = YES;
				VERSIONING_SYSTEM = "apple-generic";
				VERSION_INFO_PREFIX = "";
			};
			name = Release;
		};
		2E4EE21B20EFD378003431B3 /* Debug */ = {
			isa = XCBuildConfiguration;
			buildSettings = {
				CODE_SIGN_IDENTITY = "";
				CODE_SIGN_STYLE = Automatic;
				DEBUG_INFORMATION_FORMAT = "dwarf-with-dsym";
				DEFINES_MODULE = YES;
				DEVELOPMENT_TEAM = "";
				DYLIB_COMPATIBILITY_VERSION = 1;
				DYLIB_CURRENT_VERSION = 1;
				DYLIB_INSTALL_NAME_BASE = "@rpath";
				INFOPLIST_FILE = MapboxVision/Info.plist;
				INSTALL_PATH = "$(LOCAL_LIBRARY_DIR)/Frameworks";
				IPHONEOS_DEPLOYMENT_TARGET = 11.2;
				LD_RUNPATH_SEARCH_PATHS = (
					"$(inherited)",
					"@executable_path/Frameworks",
					"@loader_path/Frameworks",
				);
				PRODUCT_BUNDLE_IDENTIFIER = com.mapbox.MapboxVision;
				PRODUCT_NAME = "$(TARGET_NAME:c99extidentifier)";
				SKIP_INSTALL = YES;
				SWIFT_INCLUDE_PATHS = "";
				SWIFT_VERSION = 4.2;
				TARGETED_DEVICE_FAMILY = "1,2";
			};
			name = Debug;
		};
		2E4EE21C20EFD378003431B3 /* Release */ = {
			isa = XCBuildConfiguration;
			buildSettings = {
				CODE_SIGN_IDENTITY = "";
				CODE_SIGN_STYLE = Automatic;
				DEFINES_MODULE = YES;
				DEVELOPMENT_TEAM = "";
				DYLIB_COMPATIBILITY_VERSION = 1;
				DYLIB_CURRENT_VERSION = 1;
				DYLIB_INSTALL_NAME_BASE = "@rpath";
				GCC_OPTIMIZATION_LEVEL = fast;
				INFOPLIST_FILE = MapboxVision/Info.plist;
				INSTALL_PATH = "$(LOCAL_LIBRARY_DIR)/Frameworks";
				IPHONEOS_DEPLOYMENT_TARGET = 11.2;
				LD_RUNPATH_SEARCH_PATHS = (
					"$(inherited)",
					"@executable_path/Frameworks",
					"@loader_path/Frameworks",
				);
				PRODUCT_BUNDLE_IDENTIFIER = com.mapbox.MapboxVision;
				PRODUCT_NAME = "$(TARGET_NAME:c99extidentifier)";
				SKIP_INSTALL = YES;
				SWIFT_INCLUDE_PATHS = "";
				SWIFT_VERSION = 4.2;
				TARGETED_DEVICE_FAMILY = "1,2";
			};
			name = Release;
		};
		B51E5581215E313500650DDE /* Debug */ = {
			isa = XCBuildConfiguration;
			buildSettings = {
				CODE_SIGN_STYLE = Automatic;
				DEVELOPMENT_TEAM = GJZR2MEM28;
				INFOPLIST_FILE = MapboxVisionTests/Info.plist;
				IPHONEOS_DEPLOYMENT_TARGET = 12.0;
				LD_RUNPATH_SEARCH_PATHS = (
					"$(inherited)",
					"@executable_path/Frameworks",
					"@loader_path/Frameworks",
				);
				MTL_ENABLE_DEBUG_INFO = INCLUDE_SOURCE;
				MTL_FAST_MATH = YES;
				PRODUCT_BUNDLE_IDENTIFIER = com.mapbox.MapboxVisionTests;
				PRODUCT_NAME = "$(TARGET_NAME)";
				SWIFT_VERSION = 4.2;
				TARGETED_DEVICE_FAMILY = "1,2";
			};
			name = Debug;
		};
		B51E5582215E313500650DDE /* Release */ = {
			isa = XCBuildConfiguration;
			buildSettings = {
				CODE_SIGN_STYLE = Automatic;
				DEVELOPMENT_TEAM = GJZR2MEM28;
				INFOPLIST_FILE = MapboxVisionTests/Info.plist;
				IPHONEOS_DEPLOYMENT_TARGET = 12.0;
				LD_RUNPATH_SEARCH_PATHS = (
					"$(inherited)",
					"@executable_path/Frameworks",
					"@loader_path/Frameworks",
				);
				MTL_FAST_MATH = YES;
				PRODUCT_BUNDLE_IDENTIFIER = com.mapbox.MapboxVisionTests;
				PRODUCT_NAME = "$(TARGET_NAME)";
				SWIFT_VERSION = 4.2;
				TARGETED_DEVICE_FAMILY = "1,2";
			};
			name = Release;
		};
		B51E5583215E313500650DDE /* AdhocRelease */ = {
			isa = XCBuildConfiguration;
			buildSettings = {
				CODE_SIGN_STYLE = Automatic;
				DEVELOPMENT_TEAM = GJZR2MEM28;
				INFOPLIST_FILE = MapboxVisionTests/Info.plist;
				IPHONEOS_DEPLOYMENT_TARGET = 12.0;
				LD_RUNPATH_SEARCH_PATHS = (
					"$(inherited)",
					"@executable_path/Frameworks",
					"@loader_path/Frameworks",
				);
				MTL_FAST_MATH = YES;
				PRODUCT_BUNDLE_IDENTIFIER = com.mapbox.MapboxVisionTests;
				PRODUCT_NAME = "$(TARGET_NAME)";
				SWIFT_VERSION = 4.2;
				TARGETED_DEVICE_FAMILY = "1,2";
			};
			name = AdhocRelease;
		};
/* End XCBuildConfiguration section */

/* Begin XCConfigurationList section */
		2E0719982257871300345FA8 /* Build configuration list for PBXNativeTarget "MapboxVisionAR" */ = {
			isa = XCConfigurationList;
			buildConfigurations = (
				2E0719992257871300345FA8 /* Debug */,
				2E07199A2257871300345FA8 /* Release */,
				2E07199B2257871300345FA8 /* AdhocRelease */,
			);
			defaultConfigurationIsVisible = 0;
			defaultConfigurationName = Release;
		};
		2E0719E02257871B00345FA8 /* Build configuration list for PBXNativeTarget "MapboxVisionSafety" */ = {
			isa = XCConfigurationList;
			buildConfigurations = (
				2E0719E12257871B00345FA8 /* Debug */,
				2E0719E22257871B00345FA8 /* Release */,
				2E0719E32257871B00345FA8 /* AdhocRelease */,
			);
			defaultConfigurationIsVisible = 0;
			defaultConfigurationName = Release;
		};
		2E4EE20C20EFD378003431B3 /* Build configuration list for PBXProject "MapboxVision" */ = {
			isa = XCConfigurationList;
			buildConfigurations = (
				2E4EE21820EFD378003431B3 /* Debug */,
				2E4EE21920EFD378003431B3 /* Release */,
				2E197726211DD3C700311B95 /* AdhocRelease */,
			);
			defaultConfigurationIsVisible = 0;
			defaultConfigurationName = Release;
		};
		2E4EE21A20EFD378003431B3 /* Build configuration list for PBXNativeTarget "MapboxVision" */ = {
			isa = XCConfigurationList;
			buildConfigurations = (
				2E4EE21B20EFD378003431B3 /* Debug */,
				2E4EE21C20EFD378003431B3 /* Release */,
				2E197727211DD3C700311B95 /* AdhocRelease */,
			);
			defaultConfigurationIsVisible = 0;
			defaultConfigurationName = Release;
		};
		B51E5584215E313500650DDE /* Build configuration list for PBXNativeTarget "MapboxVisionTests" */ = {
			isa = XCConfigurationList;
			buildConfigurations = (
				B51E5581215E313500650DDE /* Debug */,
				B51E5582215E313500650DDE /* Release */,
				B51E5583215E313500650DDE /* AdhocRelease */,
			);
			defaultConfigurationIsVisible = 0;
			defaultConfigurationName = Release;
		};
/* End XCConfigurationList section */
	};
	rootObject = 2E4EE20920EFD378003431B3 /* Project object */;
}
